// !$*UTF8*$!
{
	archiveVersion = 1;
	classes = {
	};
	objectVersion = 52;
	objects = {

/* Begin PBXBuildFile section */
		CE0B3C3825DC2AAE00317754 /* Window.swift in Sources */ = {isa = PBXBuildFile; fileRef = CE0B3C3725DC2AAE00317754 /* Window.swift */; };
		CE0B3C3D25DC3A2A00317754 /* Media.xcassets in Resources */ = {isa = PBXBuildFile; fileRef = CEF2D7D725C0554700223C79 /* Media.xcassets */; };
		CE0E839025CEB912001283C6 /* Project.Columns.swift in Sources */ = {isa = PBXBuildFile; fileRef = CE0E838F25CEB912001283C6 /* Project.Columns.swift */; };
		CE12944925DEC027000533B1 /* Board.Cell.swift in Sources */ = {isa = PBXBuildFile; fileRef = CE12944825DEC027000533B1 /* Board.Cell.swift */; };
		CE12945725DECAC4000533B1 /* Board.Item.swift in Sources */ = {isa = PBXBuildFile; fileRef = CE12945625DECAC4000533B1 /* Board.Item.swift */; };
		CE15FB7D25E4268E00704E20 /* Control.Tool.swift in Sources */ = {isa = PBXBuildFile; fileRef = CE15FB7C25E4268E00704E20 /* Control.Tool.swift */; };
		CE1B806525E2B5A30075ACE4 /* Board.Cell.State.swift in Sources */ = {isa = PBXBuildFile; fileRef = CE1B806425E2B5A30075ACE4 /* Board.Cell.State.swift */; };
		CE1E602125CD9B5C00456852 /* Project.Edit.swift in Sources */ = {isa = PBXBuildFile; fileRef = CE1E602025CD9B5C00456852 /* Project.Edit.swift */; };
		CE221B9C25DD39AF00EFA20B /* Sidebar.swift in Sources */ = {isa = PBXBuildFile; fileRef = CE221B9B25DD39AF00EFA20B /* Sidebar.swift */; };
		CE221BA225DD3D3E00EFA20B /* Sidebar.Item.swift in Sources */ = {isa = PBXBuildFile; fileRef = CE221BA125DD3D3E00EFA20B /* Sidebar.Item.swift */; };
		CE221BA625DD3D6000EFA20B /* Control.swift in Sources */ = {isa = PBXBuildFile; fileRef = CE221BA525DD3D6000EFA20B /* Control.swift */; };
		CE221BAA25DD3D6900EFA20B /* Control.State.swift in Sources */ = {isa = PBXBuildFile; fileRef = CE221BA925DD3D6900EFA20B /* Control.State.swift */; };
		CE221BB425DD3E8900EFA20B /* Text.swift in Sources */ = {isa = PBXBuildFile; fileRef = CE221BB325DD3E8900EFA20B /* Text.swift */; };
		CE221BBE25DD552E00EFA20B /* Projects.swift in Sources */ = {isa = PBXBuildFile; fileRef = CE221BBD25DD552E00EFA20B /* Projects.swift */; };
		CE221BC225DD55A400EFA20B /* Projects.Middlebar.swift in Sources */ = {isa = PBXBuildFile; fileRef = CE221BC125DD55A400EFA20B /* Projects.Middlebar.swift */; };
		CE221BCA25DD563400EFA20B /* Metrics.swift in Sources */ = {isa = PBXBuildFile; fileRef = CE221BC925DD563400EFA20B /* Metrics.swift */; };
		CE221BD025DD5A5E00EFA20B /* Projects.Titlebar.swift in Sources */ = {isa = PBXBuildFile; fileRef = CE221BCF25DD5A5E00EFA20B /* Projects.Titlebar.swift */; };
		CE221BD425DD5B2A00EFA20B /* Control.Squircle.swift in Sources */ = {isa = PBXBuildFile; fileRef = CE221BD325DD5B2A00EFA20B /* Control.Squircle.swift */; };
		CE221BF325DD6C1900EFA20B /* Capacity.swift in Sources */ = {isa = PBXBuildFile; fileRef = CE221BF225DD6C1900EFA20B /* Capacity.swift */; };
		CE221BF925DD6DC200EFA20B /* Session.swift in Sources */ = {isa = PBXBuildFile; fileRef = CE221BF825DD6DC200EFA20B /* Session.swift */; };
		CE25079A25B8660900F9C526 /* App.swift in Sources */ = {isa = PBXBuildFile; fileRef = CE25079925B8660900F9C526 /* App.swift */; };
		CE25079C25B8660900F9C526 /* Window.swift in Sources */ = {isa = PBXBuildFile; fileRef = CE25079B25B8660900F9C526 /* Window.swift */; };
		CE25079E25B8660A00F9C526 /* Assets.xcassets in Resources */ = {isa = PBXBuildFile; fileRef = CE25079D25B8660A00F9C526 /* Assets.xcassets */; };
		CE2507CC25B8733500F9C526 /* Session.swift in Sources */ = {isa = PBXBuildFile; fileRef = CE2507CB25B8733500F9C526 /* Session.swift */; };
		CE2507E025B877FF00F9C526 /* UIApplication.swift in Sources */ = {isa = PBXBuildFile; fileRef = CE2507DF25B877FF00F9C526 /* UIApplication.swift */; };
		CE2507EB25B87D9800F9C526 /* Field.swift in Sources */ = {isa = PBXBuildFile; fileRef = CE2507EA25B87D9800F9C526 /* Field.swift */; };
		CE2507EE25B87DB300F9C526 /* Field.Coordinator.swift in Sources */ = {isa = PBXBuildFile; fileRef = CE2507ED25B87DB300F9C526 /* Field.Coordinator.swift */; };
		CE36F6B025EE5F1400774635 /* Project.Paging.swift in Sources */ = {isa = PBXBuildFile; fileRef = CE36F6AF25EE5F1400774635 /* Project.Paging.swift */; };
		CE3832F725DE949700539F4E /* NSAttributedString.swift in Sources */ = {isa = PBXBuildFile; fileRef = CE3832F625DE949700539F4E /* NSAttributedString.swift */; };
		CE3832FF25DE994700539F4E /* Plus.swift in Sources */ = {isa = PBXBuildFile; fileRef = CE3832FE25DE994700539F4E /* Plus.swift */; };
		CE38330D25DE9B1E00539F4E /* Control.Rectangle.swift in Sources */ = {isa = PBXBuildFile; fileRef = CE38330C25DE9B1E00539F4E /* Control.Rectangle.swift */; };
		CE38331725DEA75400539F4E /* Plus.Field.swift in Sources */ = {isa = PBXBuildFile; fileRef = CE38331625DEA75400539F4E /* Plus.Field.swift */; };
		CE40E9F925F0F18700BC194F /* Modal.Card.Horizontal.swift in Sources */ = {isa = PBXBuildFile; fileRef = CE40E9F825F0F18700BC194F /* Modal.Card.Horizontal.swift */; };
		CE418AE425E80198000F2546 /* Preferences.swift in Sources */ = {isa = PBXBuildFile; fileRef = CE418AE325E80198000F2546 /* Preferences.swift */; };
		CE418AE825E801AA000F2546 /* Preferences.Toggle.swift in Sources */ = {isa = PBXBuildFile; fileRef = CE418AE725E801AA000F2546 /* Preferences.Toggle.swift */; };
		CE418AEE25E805A9000F2546 /* Projects.Progress.swift in Sources */ = {isa = PBXBuildFile; fileRef = CE418AED25E805A9000F2546 /* Projects.Progress.swift */; };
		CE4206A225D1853B00E43D49 /* Capacity.swift in Sources */ = {isa = PBXBuildFile; fileRef = CE4206A125D1853B00E43D49 /* Capacity.swift */; };
		CE4206A625D18C0600E43D49 /* Purchases.swift in Sources */ = {isa = PBXBuildFile; fileRef = CE4206A525D18C0600E43D49 /* Purchases.swift */; };
		CE4206AA25D18C5F00E43D49 /* Purchases.Item.swift in Sources */ = {isa = PBXBuildFile; fileRef = CE4206A925D18C5F00E43D49 /* Purchases.Item.swift */; };
		CE4206AE25D1937E00E43D49 /* Capacity.Item.swift in Sources */ = {isa = PBXBuildFile; fileRef = CE4206AD25D1937E00E43D49 /* Capacity.Item.swift */; };
		CE48895D25CD7C78003F63AC /* Modal.Card.swift in Sources */ = {isa = PBXBuildFile; fileRef = CE48895C25CD7C78003F63AC /* Modal.Card.swift */; };
		CE4C49DE25E523CA00BCF746 /* Set.Board.Item.swift in Sources */ = {isa = PBXBuildFile; fileRef = CE4C49DD25E523CA00BCF746 /* Set.Board.Item.swift */; };
		CE4C49ED25E5325800BCF746 /* Menu.swift in Sources */ = {isa = PBXBuildFile; fileRef = CE4C49EC25E5325800BCF746 /* Menu.swift */; };
		CE4C49F125E533F500BCF746 /* NSMenuItem.swift in Sources */ = {isa = PBXBuildFile; fileRef = CE4C49F025E533F500BCF746 /* NSMenuItem.swift */; };
		CE4E4A6E25E14BF0007A46BB /* Projects.Item.swift in Sources */ = {isa = PBXBuildFile; fileRef = CE4E4A6D25E14BF0007A46BB /* Projects.Item.swift */; };
		CE4E4A7225E14CFA007A46BB /* Edit.swift in Sources */ = {isa = PBXBuildFile; fileRef = CE4E4A7125E14CFA007A46BB /* Edit.swift */; };
		CE4E4A8425E15DCA007A46BB /* Control.Icon.swift in Sources */ = {isa = PBXBuildFile; fileRef = CE4E4A8325E15DCA007A46BB /* Control.Icon.swift */; };
		CE4E4A8A25E16323007A46BB /* Edit.Text.swift in Sources */ = {isa = PBXBuildFile; fileRef = CE4E4A8925E16323007A46BB /* Edit.Text.swift */; };
		CE4E4A8D25E163A2007A46BB /* Container.swift in Sources */ = {isa = PBXBuildFile; fileRef = CE8C6EE025C31E87007D25FC /* Container.swift */; };
		CE575AF525C1730500A6B28D /* App.Delegate.swift in Sources */ = {isa = PBXBuildFile; fileRef = CE575AF425C1730500A6B28D /* App.Delegate.swift */; };
		CE5F390F25DD90F50095F4FB /* Flip.swift in Sources */ = {isa = PBXBuildFile; fileRef = CE5F390E25DD90F50095F4FB /* Flip.swift */; };
		CE5F391325DD91070095F4FB /* Scroll.swift in Sources */ = {isa = PBXBuildFile; fileRef = CE5F391225DD91070095F4FB /* Scroll.swift */; };
		CE5F391925DD96490095F4FB /* Projects.Middlebar.Item.swift in Sources */ = {isa = PBXBuildFile; fileRef = CE5F391825DD96490095F4FB /* Projects.Middlebar.Item.swift */; };
		CE5F391D25DD9BE30095F4FB /* Projects.Empty.swift in Sources */ = {isa = PBXBuildFile; fileRef = CE5F391C25DD9BE30095F4FB /* Projects.Empty.swift */; };
		CE5F392125DD9CD60095F4FB /* Board.swift in Sources */ = {isa = PBXBuildFile; fileRef = CE5F392025DD9CD60095F4FB /* Board.swift */; };
		CE6229DA25F65435008ED49E /* Activity.swift in Sources */ = {isa = PBXBuildFile; fileRef = CE6229D925F65435008ED49E /* Activity.swift */; };
		CE6229DE25F6549E008ED49E /* Activity.Chart.swift in Sources */ = {isa = PBXBuildFile; fileRef = CE6229DD25F6549E008ED49E /* Activity.Chart.swift */; };
		CE69A58125D15EB600EC9DB0 /* Progress.swift in Sources */ = {isa = PBXBuildFile; fileRef = CE69A58025D15EB600EC9DB0 /* Progress.swift */; };
		CE69A58725D1611400EC9DB0 /* Progress.Ring.swift in Sources */ = {isa = PBXBuildFile; fileRef = CE69A58625D1611400EC9DB0 /* Progress.Ring.swift */; };
		CE69A59325D1816300EC9DB0 /* Switch.swift in Sources */ = {isa = PBXBuildFile; fileRef = CE69A59225D1816300EC9DB0 /* Switch.swift */; };
		CE69A59625D1817700EC9DB0 /* Settings.swift in Sources */ = {isa = PBXBuildFile; fileRef = CE69A59525D1817700EC9DB0 /* Settings.swift */; };
		CE6D659D25D1A1060017FE07 /* Settings.bundle in Resources */ = {isa = PBXBuildFile; fileRef = CE6D659C25D1A1060017FE07 /* Settings.bundle */; };
		CE7183B925CC3CAC00AD02F8 /* Dismisser.swift in Sources */ = {isa = PBXBuildFile; fileRef = CE7183B825CC3CAC00AD02F8 /* Dismisser.swift */; };
		CE71D20825B98FF000D0F4E3 /* Board.swift in Sources */ = {isa = PBXBuildFile; fileRef = CE71D20725B98FF000D0F4E3 /* Board.swift */; };
		CE71F83725F7810B00D4379A /* Color.swift in Sources */ = {isa = PBXBuildFile; fileRef = CE71F83625F7810B00D4379A /* Color.swift */; };
		CE71F83D25F7817100D4379A /* Activity.Item.swift in Sources */ = {isa = PBXBuildFile; fileRef = CE71F83C25F7817100D4379A /* Activity.Item.swift */; };
		CE7D6FBC25F256E30028BB2A /* Middelbar.Item.Style.swift in Sources */ = {isa = PBXBuildFile; fileRef = CE7D6FBB25F256E30028BB2A /* Middelbar.Item.Style.swift */; };
		CE8C6ED325C31A4E007D25FC /* Editor.swift in Sources */ = {isa = PBXBuildFile; fileRef = CE8C6ED225C31A4E007D25FC /* Editor.swift */; };
		CE8C6EDD25C31D51007D25FC /* Editor.Coordinator.swift in Sources */ = {isa = PBXBuildFile; fileRef = CE8C6EDC25C31D51007D25FC /* Editor.Coordinator.swift */; };
		CE8C6EE125C31E87007D25FC /* Container.swift in Sources */ = {isa = PBXBuildFile; fileRef = CE8C6EE025C31E87007D25FC /* Container.swift */; };
		CE95052525EA766D00EB178E /* Sidebar.swift in Sources */ = {isa = PBXBuildFile; fileRef = CE95052425EA766D00EB178E /* Sidebar.swift */; };
		CE95052925EA770500EB178E /* _Metrics.swift in Sources */ = {isa = PBXBuildFile; fileRef = CE95052825EA770500EB178E /* _Metrics.swift */; };
		CE95052E25EA771900EB178E /* _Metrics.swift in Sources */ = {isa = PBXBuildFile; fileRef = CE95052825EA770500EB178E /* _Metrics.swift */; };
		CE95053625EA795A00EB178E /* Sidebar.Style.swift in Sources */ = {isa = PBXBuildFile; fileRef = CE95053525EA795A00EB178E /* Sidebar.Style.swift */; };
		CE95054025EA7D5E00EB178E /* Session.Section.swift in Sources */ = {isa = PBXBuildFile; fileRef = CE95053F25EA7D5E00EB178E /* Session.Section.swift */; };
		CE99E67825DBFE9F00E0EA36 /* App.swift in Sources */ = {isa = PBXBuildFile; fileRef = CE99E67725DBFE9F00E0EA36 /* App.swift */; };
		CE99E67C25DBFEA000E0EA36 /* Assets.xcassets in Resources */ = {isa = PBXBuildFile; fileRef = CE99E67B25DBFEA000E0EA36 /* Assets.xcassets */; };
		CE99E68825DC008700E0EA36 /* StoreKit.framework in Frameworks */ = {isa = PBXBuildFile; fileRef = CE99E68725DC008700E0EA36 /* StoreKit.framework */; };
		CE99E68A25DC009300E0EA36 /* StoreKit.framework in Frameworks */ = {isa = PBXBuildFile; fileRef = CE99E68925DC009300E0EA36 /* StoreKit.framework */; };
		CE99E68C25DC00A200E0EA36 /* CloudKit.framework in Frameworks */ = {isa = PBXBuildFile; fileRef = CE99E68B25DC00A200E0EA36 /* CloudKit.framework */; };
		CE99E68E25DC01AB00E0EA36 /* Kanban in Frameworks */ = {isa = PBXBuildFile; productRef = CE99E68D25DC01AB00E0EA36 /* Kanban */; };
		CE9A9ECD25E66BF000EDEBA3 /* RelativeDateTimeFormatter.swift in Sources */ = {isa = PBXBuildFile; fileRef = CE9A9ECC25E66BF000EDEBA3 /* RelativeDateTimeFormatter.swift */; };
		CE9A9ECE25E66BF000EDEBA3 /* RelativeDateTimeFormatter.swift in Sources */ = {isa = PBXBuildFile; fileRef = CE9A9ECC25E66BF000EDEBA3 /* RelativeDateTimeFormatter.swift */; };
		CE9DD44825E576730087CC8C /* Projects.Columns.swift in Sources */ = {isa = PBXBuildFile; fileRef = CE9DD44725E576730087CC8C /* Projects.Columns.swift */; };
		CEA0D18E25EC45110011FFC0 /* Middlebar.Item.swift in Sources */ = {isa = PBXBuildFile; fileRef = CEA0D18D25EC45110011FFC0 /* Middlebar.Item.swift */; };
		CEA0D19625EC4C650011FFC0 /* Project.swift in Sources */ = {isa = PBXBuildFile; fileRef = CEA0D19525EC4C650011FFC0 /* Project.swift */; };
		CEA1819C25C04DE000552DEF /* CloudKit.framework in Frameworks */ = {isa = PBXBuildFile; fileRef = CEA1819B25C04DE000552DEF /* CloudKit.framework */; };
		CEA652A225C1CBA60099C82E /* Metrics.swift in Sources */ = {isa = PBXBuildFile; fileRef = CEA652A125C1CBA60099C82E /* Metrics.swift */; };
		CEAFE88C25EFE78D00B45B8C /* Modal.Card.Vertical.swift in Sources */ = {isa = PBXBuildFile; fileRef = CEAFE88B25EFE78D00B45B8C /* Modal.Card.Vertical.swift */; };
		CEAFE89225EFE80F00B45B8C /* Modal.Card.Footer.swift in Sources */ = {isa = PBXBuildFile; fileRef = CEAFE89125EFE80F00B45B8C /* Modal.Card.Footer.swift */; };
		CEB09ADF25B994AF00BF7AD6 /* Kanban in Frameworks */ = {isa = PBXBuildFile; productRef = CEB09ADE25B994AF00BF7AD6 /* Kanban */; };
		CEC22CAC25E6818F0035E674 /* Board.Cell.Edit.swift in Sources */ = {isa = PBXBuildFile; fileRef = CEC22CAB25E6818F0035E674 /* Board.Cell.Edit.swift */; };
		CEC22CB225E695B90035E674 /* NSAlert.swift in Sources */ = {isa = PBXBuildFile; fileRef = CEC22CB125E695B90035E674 /* NSAlert.swift */; };
		CEC22CBA25E69D630035E674 /* Capacity.Titlebar.swift in Sources */ = {isa = PBXBuildFile; fileRef = CEC22CB925E69D630035E674 /* Capacity.Titlebar.swift */; };
		CEC22CC125E6AC0C0035E674 /* Purchases.swift in Sources */ = {isa = PBXBuildFile; fileRef = CE4206A525D18C0600E43D49 /* Purchases.swift */; };
		CEC22CC425E6AC0F0035E674 /* Purchases.Item.swift in Sources */ = {isa = PBXBuildFile; fileRef = CE4206A925D18C5F00E43D49 /* Purchases.Item.swift */; };
		CECFD8BC25E3E3A500BD3532 /* Set.Board.Cell.swift in Sources */ = {isa = PBXBuildFile; fileRef = CECFD8BB25E3E3A500BD3532 /* Set.Board.Cell.swift */; };
		CECFD8C225E3EA0000BD3532 /* Array.swift in Sources */ = {isa = PBXBuildFile; fileRef = CECFD8C125E3EA0000BD3532 /* Array.swift */; };
		CEDB78E925ECFA7D001A02A4 /* Column.swift in Sources */ = {isa = PBXBuildFile; fileRef = CEDB78E825ECFA7D001A02A4 /* Column.swift */; };
		CEDB78F025ECFC8B001A02A4 /* Project.Title.swift in Sources */ = {isa = PBXBuildFile; fileRef = CEDB78EF25ECFC8B001A02A4 /* Project.Title.swift */; };
		CEDB78F425ECFCCF001A02A4 /* Project.Options.swift in Sources */ = {isa = PBXBuildFile; fileRef = CEDB78F325ECFCCF001A02A4 /* Project.Options.swift */; };
		CEDB78FE25ED0E08001A02A4 /* Card.swift in Sources */ = {isa = PBXBuildFile; fileRef = CEDB78FD25ED0E08001A02A4 /* Card.swift */; };
		CEDBD48825EA80FA00C689CF /* Middlebar.swift in Sources */ = {isa = PBXBuildFile; fileRef = CEDBD48725EA80FA00C689CF /* Middlebar.swift */; };
		CEE61FA125CAFCFB007CF830 /* Modal.swift in Sources */ = {isa = PBXBuildFile; fileRef = CEE61FA025CAFCFB007CF830 /* Modal.swift */; };
		CEE61FA525CB0A08007CF830 /* Tool.swift in Sources */ = {isa = PBXBuildFile; fileRef = CEE61FA425CB0A08007CF830 /* Tool.swift */; };
		CEF1B84125E41F6A004B72AF /* Projects.Settings.swift in Sources */ = {isa = PBXBuildFile; fileRef = CEF1B84025E41F6A004B72AF /* Projects.Settings.swift */; };
		CEF2D7D825C0554700223C79 /* Media.xcassets in Resources */ = {isa = PBXBuildFile; fileRef = CEF2D7D725C0554700223C79 /* Media.xcassets */; };
/* End PBXBuildFile section */

/* Begin PBXFileReference section */
		CE0B3C3725DC2AAE00317754 /* Window.swift */ = {isa = PBXFileReference; lastKnownFileType = sourcecode.swift; path = Window.swift; sourceTree = "<group>"; };
		CE0E838F25CEB912001283C6 /* Project.Columns.swift */ = {isa = PBXFileReference; lastKnownFileType = sourcecode.swift; path = Project.Columns.swift; sourceTree = "<group>"; };
		CE12944825DEC027000533B1 /* Board.Cell.swift */ = {isa = PBXFileReference; lastKnownFileType = sourcecode.swift; path = Board.Cell.swift; sourceTree = "<group>"; };
		CE12945625DECAC4000533B1 /* Board.Item.swift */ = {isa = PBXFileReference; lastKnownFileType = sourcecode.swift; path = Board.Item.swift; sourceTree = "<group>"; };
		CE15FB7C25E4268E00704E20 /* Control.Tool.swift */ = {isa = PBXFileReference; lastKnownFileType = sourcecode.swift; path = Control.Tool.swift; sourceTree = "<group>"; };
		CE1B806425E2B5A30075ACE4 /* Board.Cell.State.swift */ = {isa = PBXFileReference; lastKnownFileType = sourcecode.swift; path = Board.Cell.State.swift; sourceTree = "<group>"; };
		CE1E602025CD9B5C00456852 /* Project.Edit.swift */ = {isa = PBXFileReference; lastKnownFileType = sourcecode.swift; path = Project.Edit.swift; sourceTree = "<group>"; };
		CE221B9B25DD39AF00EFA20B /* Sidebar.swift */ = {isa = PBXFileReference; lastKnownFileType = sourcecode.swift; path = Sidebar.swift; sourceTree = "<group>"; };
		CE221BA125DD3D3E00EFA20B /* Sidebar.Item.swift */ = {isa = PBXFileReference; lastKnownFileType = sourcecode.swift; path = Sidebar.Item.swift; sourceTree = "<group>"; };
		CE221BA525DD3D6000EFA20B /* Control.swift */ = {isa = PBXFileReference; lastKnownFileType = sourcecode.swift; path = Control.swift; sourceTree = "<group>"; };
		CE221BA925DD3D6900EFA20B /* Control.State.swift */ = {isa = PBXFileReference; lastKnownFileType = sourcecode.swift; path = Control.State.swift; sourceTree = "<group>"; };
		CE221BB325DD3E8900EFA20B /* Text.swift */ = {isa = PBXFileReference; lastKnownFileType = sourcecode.swift; path = Text.swift; sourceTree = "<group>"; };
		CE221BBD25DD552E00EFA20B /* Projects.swift */ = {isa = PBXFileReference; lastKnownFileType = sourcecode.swift; path = Projects.swift; sourceTree = "<group>"; };
		CE221BC125DD55A400EFA20B /* Projects.Middlebar.swift */ = {isa = PBXFileReference; lastKnownFileType = sourcecode.swift; path = Projects.Middlebar.swift; sourceTree = "<group>"; };
		CE221BC925DD563400EFA20B /* Metrics.swift */ = {isa = PBXFileReference; lastKnownFileType = sourcecode.swift; path = Metrics.swift; sourceTree = "<group>"; };
		CE221BCF25DD5A5E00EFA20B /* Projects.Titlebar.swift */ = {isa = PBXFileReference; lastKnownFileType = sourcecode.swift; path = Projects.Titlebar.swift; sourceTree = "<group>"; };
		CE221BD325DD5B2A00EFA20B /* Control.Squircle.swift */ = {isa = PBXFileReference; lastKnownFileType = sourcecode.swift; path = Control.Squircle.swift; sourceTree = "<group>"; };
		CE221BF225DD6C1900EFA20B /* Capacity.swift */ = {isa = PBXFileReference; lastKnownFileType = sourcecode.swift; path = Capacity.swift; sourceTree = "<group>"; };
		CE221BF825DD6DC200EFA20B /* Session.swift */ = {isa = PBXFileReference; lastKnownFileType = sourcecode.swift; path = Session.swift; sourceTree = "<group>"; };
		CE25079625B8660900F9C526 /* Avocado.app */ = {isa = PBXFileReference; explicitFileType = wrapper.application; includeInIndex = 0; path = Avocado.app; sourceTree = BUILT_PRODUCTS_DIR; };
		CE25079925B8660900F9C526 /* App.swift */ = {isa = PBXFileReference; lastKnownFileType = sourcecode.swift; path = App.swift; sourceTree = "<group>"; };
		CE25079B25B8660900F9C526 /* Window.swift */ = {isa = PBXFileReference; lastKnownFileType = sourcecode.swift; path = Window.swift; sourceTree = "<group>"; };
		CE25079D25B8660A00F9C526 /* Assets.xcassets */ = {isa = PBXFileReference; lastKnownFileType = folder.assetcatalog; path = Assets.xcassets; sourceTree = "<group>"; };
		CE2507A225B8660A00F9C526 /* Info.plist */ = {isa = PBXFileReference; lastKnownFileType = text.plist.xml; path = Info.plist; sourceTree = "<group>"; };
		CE2507CB25B8733500F9C526 /* Session.swift */ = {isa = PBXFileReference; lastKnownFileType = sourcecode.swift; path = Session.swift; sourceTree = "<group>"; };
		CE2507DF25B877FF00F9C526 /* UIApplication.swift */ = {isa = PBXFileReference; lastKnownFileType = sourcecode.swift; path = UIApplication.swift; sourceTree = "<group>"; };
		CE2507EA25B87D9800F9C526 /* Field.swift */ = {isa = PBXFileReference; lastKnownFileType = sourcecode.swift; path = Field.swift; sourceTree = "<group>"; };
		CE2507ED25B87DB300F9C526 /* Field.Coordinator.swift */ = {isa = PBXFileReference; lastKnownFileType = sourcecode.swift; path = Field.Coordinator.swift; sourceTree = "<group>"; };
		CE36F6AF25EE5F1400774635 /* Project.Paging.swift */ = {isa = PBXFileReference; lastKnownFileType = sourcecode.swift; path = Project.Paging.swift; sourceTree = "<group>"; };
		CE3832F625DE949700539F4E /* NSAttributedString.swift */ = {isa = PBXFileReference; lastKnownFileType = sourcecode.swift; path = NSAttributedString.swift; sourceTree = "<group>"; };
		CE3832FE25DE994700539F4E /* Plus.swift */ = {isa = PBXFileReference; lastKnownFileType = sourcecode.swift; path = Plus.swift; sourceTree = "<group>"; };
		CE38330C25DE9B1E00539F4E /* Control.Rectangle.swift */ = {isa = PBXFileReference; lastKnownFileType = sourcecode.swift; path = Control.Rectangle.swift; sourceTree = "<group>"; };
		CE38331625DEA75400539F4E /* Plus.Field.swift */ = {isa = PBXFileReference; lastKnownFileType = sourcecode.swift; path = Plus.Field.swift; sourceTree = "<group>"; };
		CE40E9F825F0F18700BC194F /* Modal.Card.Horizontal.swift */ = {isa = PBXFileReference; lastKnownFileType = sourcecode.swift; path = Modal.Card.Horizontal.swift; sourceTree = "<group>"; };
		CE418AE325E80198000F2546 /* Preferences.swift */ = {isa = PBXFileReference; lastKnownFileType = sourcecode.swift; path = Preferences.swift; sourceTree = "<group>"; };
		CE418AE725E801AA000F2546 /* Preferences.Toggle.swift */ = {isa = PBXFileReference; lastKnownFileType = sourcecode.swift; path = Preferences.Toggle.swift; sourceTree = "<group>"; };
		CE418AED25E805A9000F2546 /* Projects.Progress.swift */ = {isa = PBXFileReference; lastKnownFileType = sourcecode.swift; path = Projects.Progress.swift; sourceTree = "<group>"; };
		CE4206A125D1853B00E43D49 /* Capacity.swift */ = {isa = PBXFileReference; lastKnownFileType = sourcecode.swift; path = Capacity.swift; sourceTree = "<group>"; };
		CE4206A525D18C0600E43D49 /* Purchases.swift */ = {isa = PBXFileReference; lastKnownFileType = sourcecode.swift; path = Purchases.swift; sourceTree = "<group>"; };
		CE4206A925D18C5F00E43D49 /* Purchases.Item.swift */ = {isa = PBXFileReference; lastKnownFileType = sourcecode.swift; path = Purchases.Item.swift; sourceTree = "<group>"; };
		CE4206AD25D1937E00E43D49 /* Capacity.Item.swift */ = {isa = PBXFileReference; lastKnownFileType = sourcecode.swift; path = Capacity.Item.swift; sourceTree = "<group>"; };
		CE48895C25CD7C78003F63AC /* Modal.Card.swift */ = {isa = PBXFileReference; lastKnownFileType = sourcecode.swift; path = Modal.Card.swift; sourceTree = "<group>"; };
		CE4C49DD25E523CA00BCF746 /* Set.Board.Item.swift */ = {isa = PBXFileReference; lastKnownFileType = sourcecode.swift; path = Set.Board.Item.swift; sourceTree = "<group>"; };
		CE4C49EC25E5325800BCF746 /* Menu.swift */ = {isa = PBXFileReference; lastKnownFileType = sourcecode.swift; path = Menu.swift; sourceTree = "<group>"; };
		CE4C49F025E533F500BCF746 /* NSMenuItem.swift */ = {isa = PBXFileReference; lastKnownFileType = sourcecode.swift; path = NSMenuItem.swift; sourceTree = "<group>"; };
		CE4E4A6D25E14BF0007A46BB /* Projects.Item.swift */ = {isa = PBXFileReference; lastKnownFileType = sourcecode.swift; path = Projects.Item.swift; sourceTree = "<group>"; };
		CE4E4A7125E14CFA007A46BB /* Edit.swift */ = {isa = PBXFileReference; lastKnownFileType = sourcecode.swift; path = Edit.swift; sourceTree = "<group>"; };
		CE4E4A8325E15DCA007A46BB /* Control.Icon.swift */ = {isa = PBXFileReference; lastKnownFileType = sourcecode.swift; path = Control.Icon.swift; sourceTree = "<group>"; };
		CE4E4A8925E16323007A46BB /* Edit.Text.swift */ = {isa = PBXFileReference; lastKnownFileType = sourcecode.swift; path = Edit.Text.swift; sourceTree = "<group>"; };
		CE575AF425C1730500A6B28D /* App.Delegate.swift */ = {isa = PBXFileReference; lastKnownFileType = sourcecode.swift; path = App.Delegate.swift; sourceTree = "<group>"; };
		CE5F390E25DD90F50095F4FB /* Flip.swift */ = {isa = PBXFileReference; lastKnownFileType = sourcecode.swift; path = Flip.swift; sourceTree = "<group>"; };
		CE5F391225DD91070095F4FB /* Scroll.swift */ = {isa = PBXFileReference; lastKnownFileType = sourcecode.swift; path = Scroll.swift; sourceTree = "<group>"; };
		CE5F391825DD96490095F4FB /* Projects.Middlebar.Item.swift */ = {isa = PBXFileReference; lastKnownFileType = sourcecode.swift; path = Projects.Middlebar.Item.swift; sourceTree = "<group>"; };
		CE5F391C25DD9BE30095F4FB /* Projects.Empty.swift */ = {isa = PBXFileReference; lastKnownFileType = sourcecode.swift; path = Projects.Empty.swift; sourceTree = "<group>"; };
		CE5F392025DD9CD60095F4FB /* Board.swift */ = {isa = PBXFileReference; lastKnownFileType = sourcecode.swift; path = Board.swift; sourceTree = "<group>"; };
		CE6229D925F65435008ED49E /* Activity.swift */ = {isa = PBXFileReference; lastKnownFileType = sourcecode.swift; path = Activity.swift; sourceTree = "<group>"; };
		CE6229DD25F6549E008ED49E /* Activity.Chart.swift */ = {isa = PBXFileReference; lastKnownFileType = sourcecode.swift; path = Activity.Chart.swift; sourceTree = "<group>"; };
		CE69A58025D15EB600EC9DB0 /* Progress.swift */ = {isa = PBXFileReference; lastKnownFileType = sourcecode.swift; path = Progress.swift; sourceTree = "<group>"; };
		CE69A58625D1611400EC9DB0 /* Progress.Ring.swift */ = {isa = PBXFileReference; lastKnownFileType = sourcecode.swift; path = Progress.Ring.swift; sourceTree = "<group>"; };
		CE69A59225D1816300EC9DB0 /* Switch.swift */ = {isa = PBXFileReference; lastKnownFileType = sourcecode.swift; path = Switch.swift; sourceTree = "<group>"; };
		CE69A59525D1817700EC9DB0 /* Settings.swift */ = {isa = PBXFileReference; lastKnownFileType = sourcecode.swift; path = Settings.swift; sourceTree = "<group>"; };
		CE6D659C25D1A1060017FE07 /* Settings.bundle */ = {isa = PBXFileReference; lastKnownFileType = "wrapper.plug-in"; path = Settings.bundle; sourceTree = "<group>"; };
		CE7183B825CC3CAC00AD02F8 /* Dismisser.swift */ = {isa = PBXFileReference; lastKnownFileType = sourcecode.swift; path = Dismisser.swift; sourceTree = "<group>"; };
		CE71D20725B98FF000D0F4E3 /* Board.swift */ = {isa = PBXFileReference; lastKnownFileType = sourcecode.swift; path = Board.swift; sourceTree = "<group>"; };
		CE71F83625F7810B00D4379A /* Color.swift */ = {isa = PBXFileReference; lastKnownFileType = sourcecode.swift; path = Color.swift; sourceTree = "<group>"; };
		CE71F83C25F7817100D4379A /* Activity.Item.swift */ = {isa = PBXFileReference; lastKnownFileType = sourcecode.swift; path = Activity.Item.swift; sourceTree = "<group>"; };
		CE7D6FBB25F256E30028BB2A /* Middelbar.Item.Style.swift */ = {isa = PBXFileReference; lastKnownFileType = sourcecode.swift; path = Middelbar.Item.Style.swift; sourceTree = "<group>"; };
		CE8C6ED225C31A4E007D25FC /* Editor.swift */ = {isa = PBXFileReference; lastKnownFileType = sourcecode.swift; path = Editor.swift; sourceTree = "<group>"; };
		CE8C6EDC25C31D51007D25FC /* Editor.Coordinator.swift */ = {isa = PBXFileReference; lastKnownFileType = sourcecode.swift; path = Editor.Coordinator.swift; sourceTree = "<group>"; };
		CE8C6EE025C31E87007D25FC /* Container.swift */ = {isa = PBXFileReference; lastKnownFileType = sourcecode.swift; path = Container.swift; sourceTree = "<group>"; };
		CE95052425EA766D00EB178E /* Sidebar.swift */ = {isa = PBXFileReference; lastKnownFileType = sourcecode.swift; path = Sidebar.swift; sourceTree = "<group>"; };
		CE95052825EA770500EB178E /* _Metrics.swift */ = {isa = PBXFileReference; lastKnownFileType = sourcecode.swift; path = _Metrics.swift; sourceTree = "<group>"; };
		CE95053525EA795A00EB178E /* Sidebar.Style.swift */ = {isa = PBXFileReference; lastKnownFileType = sourcecode.swift; path = Sidebar.Style.swift; sourceTree = "<group>"; };
		CE95053F25EA7D5E00EB178E /* Session.Section.swift */ = {isa = PBXFileReference; lastKnownFileType = sourcecode.swift; path = Session.Section.swift; sourceTree = "<group>"; };
		CE99E67525DBFE9F00E0EA36 /* Avocado.app */ = {isa = PBXFileReference; explicitFileType = wrapper.application; includeInIndex = 0; path = Avocado.app; sourceTree = BUILT_PRODUCTS_DIR; };
		CE99E67725DBFE9F00E0EA36 /* App.swift */ = {isa = PBXFileReference; lastKnownFileType = sourcecode.swift; path = App.swift; sourceTree = "<group>"; };
		CE99E67B25DBFEA000E0EA36 /* Assets.xcassets */ = {isa = PBXFileReference; lastKnownFileType = folder.assetcatalog; path = Assets.xcassets; sourceTree = "<group>"; };
		CE99E68025DBFEA000E0EA36 /* Info.plist */ = {isa = PBXFileReference; lastKnownFileType = text.plist.xml; path = Info.plist; sourceTree = "<group>"; };
		CE99E68125DBFEA000E0EA36 /* macOS.entitlements */ = {isa = PBXFileReference; lastKnownFileType = text.plist.entitlements; path = macOS.entitlements; sourceTree = "<group>"; };
		CE99E68725DC008700E0EA36 /* StoreKit.framework */ = {isa = PBXFileReference; lastKnownFileType = wrapper.framework; name = StoreKit.framework; path = System/Library/Frameworks/StoreKit.framework; sourceTree = SDKROOT; };
		CE99E68925DC009300E0EA36 /* StoreKit.framework */ = {isa = PBXFileReference; lastKnownFileType = wrapper.framework; name = StoreKit.framework; path = Platforms/iPhoneOS.platform/Developer/SDKs/iPhoneOS14.4.sdk/System/Library/Frameworks/StoreKit.framework; sourceTree = DEVELOPER_DIR; };
		CE99E68B25DC00A200E0EA36 /* CloudKit.framework */ = {isa = PBXFileReference; lastKnownFileType = wrapper.framework; name = CloudKit.framework; path = System/Library/Frameworks/CloudKit.framework; sourceTree = SDKROOT; };
		CE9A9ECC25E66BF000EDEBA3 /* RelativeDateTimeFormatter.swift */ = {isa = PBXFileReference; lastKnownFileType = sourcecode.swift; path = RelativeDateTimeFormatter.swift; sourceTree = "<group>"; };
		CE9DD44725E576730087CC8C /* Projects.Columns.swift */ = {isa = PBXFileReference; lastKnownFileType = sourcecode.swift; path = Projects.Columns.swift; sourceTree = "<group>"; };
		CEA0D18D25EC45110011FFC0 /* Middlebar.Item.swift */ = {isa = PBXFileReference; lastKnownFileType = sourcecode.swift; path = Middlebar.Item.swift; sourceTree = "<group>"; };
		CEA0D19525EC4C650011FFC0 /* Project.swift */ = {isa = PBXFileReference; lastKnownFileType = sourcecode.swift; path = Project.swift; sourceTree = "<group>"; };
		CEA1819825C04DD200552DEF /* Avocado.entitlements */ = {isa = PBXFileReference; lastKnownFileType = text.plist.entitlements; path = Avocado.entitlements; sourceTree = "<group>"; };
		CEA1819B25C04DE000552DEF /* CloudKit.framework */ = {isa = PBXFileReference; lastKnownFileType = wrapper.framework; name = CloudKit.framework; path = Platforms/iPhoneOS.platform/Developer/SDKs/iPhoneOS14.3.sdk/System/Library/Frameworks/CloudKit.framework; sourceTree = DEVELOPER_DIR; };
		CEA652A125C1CBA60099C82E /* Metrics.swift */ = {isa = PBXFileReference; lastKnownFileType = sourcecode.swift; path = Metrics.swift; sourceTree = "<group>"; };
		CEAFE88B25EFE78D00B45B8C /* Modal.Card.Vertical.swift */ = {isa = PBXFileReference; lastKnownFileType = sourcecode.swift; path = Modal.Card.Vertical.swift; sourceTree = "<group>"; };
		CEAFE89125EFE80F00B45B8C /* Modal.Card.Footer.swift */ = {isa = PBXFileReference; lastKnownFileType = sourcecode.swift; path = Modal.Card.Footer.swift; sourceTree = "<group>"; };
		CEB8E56925DAA0C6009737AB /* Configuration.storekit */ = {isa = PBXFileReference; lastKnownFileType = text; path = Configuration.storekit; sourceTree = "<group>"; };
		CEC22CAB25E6818F0035E674 /* Board.Cell.Edit.swift */ = {isa = PBXFileReference; lastKnownFileType = sourcecode.swift; path = Board.Cell.Edit.swift; sourceTree = "<group>"; };
		CEC22CB125E695B90035E674 /* NSAlert.swift */ = {isa = PBXFileReference; lastKnownFileType = sourcecode.swift; path = NSAlert.swift; sourceTree = "<group>"; };
		CEC22CB925E69D630035E674 /* Capacity.Titlebar.swift */ = {isa = PBXFileReference; lastKnownFileType = sourcecode.swift; path = Capacity.Titlebar.swift; sourceTree = "<group>"; };
		CECFD8BB25E3E3A500BD3532 /* Set.Board.Cell.swift */ = {isa = PBXFileReference; lastKnownFileType = sourcecode.swift; path = Set.Board.Cell.swift; sourceTree = "<group>"; };
		CECFD8C125E3EA0000BD3532 /* Array.swift */ = {isa = PBXFileReference; lastKnownFileType = sourcecode.swift; path = Array.swift; sourceTree = "<group>"; };
		CEDB78E825ECFA7D001A02A4 /* Column.swift */ = {isa = PBXFileReference; lastKnownFileType = sourcecode.swift; path = Column.swift; sourceTree = "<group>"; };
		CEDB78EF25ECFC8B001A02A4 /* Project.Title.swift */ = {isa = PBXFileReference; lastKnownFileType = sourcecode.swift; path = Project.Title.swift; sourceTree = "<group>"; };
		CEDB78F325ECFCCF001A02A4 /* Project.Options.swift */ = {isa = PBXFileReference; lastKnownFileType = sourcecode.swift; path = Project.Options.swift; sourceTree = "<group>"; };
		CEDB78FD25ED0E08001A02A4 /* Card.swift */ = {isa = PBXFileReference; lastKnownFileType = sourcecode.swift; path = Card.swift; sourceTree = "<group>"; };
		CEDBD48725EA80FA00C689CF /* Middlebar.swift */ = {isa = PBXFileReference; lastKnownFileType = sourcecode.swift; path = Middlebar.swift; sourceTree = "<group>"; };
		CEE61FA025CAFCFB007CF830 /* Modal.swift */ = {isa = PBXFileReference; lastKnownFileType = sourcecode.swift; path = Modal.swift; sourceTree = "<group>"; };
		CEE61FA425CB0A08007CF830 /* Tool.swift */ = {isa = PBXFileReference; lastKnownFileType = sourcecode.swift; path = Tool.swift; sourceTree = "<group>"; };
		CEF1B84025E41F6A004B72AF /* Projects.Settings.swift */ = {isa = PBXFileReference; lastKnownFileType = sourcecode.swift; path = Projects.Settings.swift; sourceTree = "<group>"; };
		CEF2D7D725C0554700223C79 /* Media.xcassets */ = {isa = PBXFileReference; lastKnownFileType = folder.assetcatalog; path = Media.xcassets; sourceTree = "<group>"; };
/* End PBXFileReference section */

/* Begin PBXFrameworksBuildPhase section */
		CE25079325B8660900F9C526 /* Frameworks */ = {
			isa = PBXFrameworksBuildPhase;
			buildActionMask = 2147483647;
			files = (
				CE99E68A25DC009300E0EA36 /* StoreKit.framework in Frameworks */,
				CEB09ADF25B994AF00BF7AD6 /* Kanban in Frameworks */,
				CEA1819C25C04DE000552DEF /* CloudKit.framework in Frameworks */,
			);
			runOnlyForDeploymentPostprocessing = 0;
		};
		CE99E67225DBFE9F00E0EA36 /* Frameworks */ = {
			isa = PBXFrameworksBuildPhase;
			buildActionMask = 2147483647;
			files = (
				CE99E68825DC008700E0EA36 /* StoreKit.framework in Frameworks */,
				CE99E68E25DC01AB00E0EA36 /* Kanban in Frameworks */,
				CE99E68C25DC00A200E0EA36 /* CloudKit.framework in Frameworks */,
			);
			runOnlyForDeploymentPostprocessing = 0;
		};
/* End PBXFrameworksBuildPhase section */

/* Begin PBXGroup section */
		CE25078B25B8521C00F9C526 = {
			isa = PBXGroup;
			children = (
				CEA1819A25C04DE000552DEF /* Frameworks */,
				CE25079825B8660900F9C526 /* iOS */,
				CE99E67625DBFE9F00E0EA36 /* macOS */,
				CE25079725B8660900F9C526 /* Products */,
				CE2507F125B88CCD00F9C526 /* Shared */,
			);
			sourceTree = "<group>";
		};
		CE25079725B8660900F9C526 /* Products */ = {
			isa = PBXGroup;
			children = (
				CE25079625B8660900F9C526 /* Avocado.app */,
				CE99E67525DBFE9F00E0EA36 /* Avocado.app */,
			);
			name = Products;
			sourceTree = "<group>";
		};
		CE25079825B8660900F9C526 /* iOS */ = {
			isa = PBXGroup;
			children = (
				CE6D659C25D1A1060017FE07 /* Settings.bundle */,
				CEA1819825C04DD200552DEF /* Avocado.entitlements */,
				CE2507A225B8660A00F9C526 /* Info.plist */,
				CE6229DD25F6549E008ED49E /* Activity.Chart.swift */,
				CE71F83C25F7817100D4379A /* Activity.Item.swift */,
				CE6229D925F65435008ED49E /* Activity.swift */,
				CE575AF425C1730500A6B28D /* App.Delegate.swift */,
				CE25079925B8660900F9C526 /* App.swift */,
				CE71D20725B98FF000D0F4E3 /* Board.swift */,
				CE4206AD25D1937E00E43D49 /* Capacity.Item.swift */,
				CE4206A125D1853B00E43D49 /* Capacity.swift */,
				CEDB78FD25ED0E08001A02A4 /* Card.swift */,
				CE71F83625F7810B00D4379A /* Color.swift */,
				CEDB78E825ECFA7D001A02A4 /* Column.swift */,
				CE7183B825CC3CAC00AD02F8 /* Dismisser.swift */,
				CE8C6EDC25C31D51007D25FC /* Editor.Coordinator.swift */,
				CE8C6ED225C31A4E007D25FC /* Editor.swift */,
				CE2507ED25B87DB300F9C526 /* Field.Coordinator.swift */,
				CE2507EA25B87D9800F9C526 /* Field.swift */,
				CEA652A125C1CBA60099C82E /* Metrics.swift */,
				CE7D6FBB25F256E30028BB2A /* Middelbar.Item.Style.swift */,
				CEA0D18D25EC45110011FFC0 /* Middlebar.Item.swift */,
				CEDBD48725EA80FA00C689CF /* Middlebar.swift */,
				CEAFE89125EFE80F00B45B8C /* Modal.Card.Footer.swift */,
				CE40E9F825F0F18700BC194F /* Modal.Card.Horizontal.swift */,
				CE48895C25CD7C78003F63AC /* Modal.Card.swift */,
				CEAFE88B25EFE78D00B45B8C /* Modal.Card.Vertical.swift */,
				CEE61FA025CAFCFB007CF830 /* Modal.swift */,
				CE69A58625D1611400EC9DB0 /* Progress.Ring.swift */,
				CE69A58025D15EB600EC9DB0 /* Progress.swift */,
				CE0E838F25CEB912001283C6 /* Project.Columns.swift */,
				CE1E602025CD9B5C00456852 /* Project.Edit.swift */,
				CEDB78F325ECFCCF001A02A4 /* Project.Options.swift */,
				CE36F6AF25EE5F1400774635 /* Project.Paging.swift */,
				CEA0D19525EC4C650011FFC0 /* Project.swift */,
				CEDB78EF25ECFC8B001A02A4 /* Project.Title.swift */,
				CE95053F25EA7D5E00EB178E /* Session.Section.swift */,
				CE2507CB25B8733500F9C526 /* Session.swift */,
				CE69A59525D1817700EC9DB0 /* Settings.swift */,
				CE95053525EA795A00EB178E /* Sidebar.Style.swift */,
				CE95052425EA766D00EB178E /* Sidebar.swift */,
				CE69A59225D1816300EC9DB0 /* Switch.swift */,
				CEE61FA425CB0A08007CF830 /* Tool.swift */,
				CE2507DF25B877FF00F9C526 /* UIApplication.swift */,
				CE25079B25B8660900F9C526 /* Window.swift */,
				CE25079D25B8660A00F9C526 /* Assets.xcassets */,
			);
			path = iOS;
			sourceTree = "<group>";
		};
		CE2507F125B88CCD00F9C526 /* Shared */ = {
			isa = PBXGroup;
			children = (
				CEB8E56925DAA0C6009737AB /* Configuration.storekit */,
				CE95052825EA770500EB178E /* _Metrics.swift */,
				CE8C6EE025C31E87007D25FC /* Container.swift */,
				CE4206A925D18C5F00E43D49 /* Purchases.Item.swift */,
				CE4206A525D18C0600E43D49 /* Purchases.swift */,
				CE9A9ECC25E66BF000EDEBA3 /* RelativeDateTimeFormatter.swift */,
				CEF2D7D725C0554700223C79 /* Media.xcassets */,
			);
			path = Shared;
			sourceTree = "<group>";
		};
		CE99E67625DBFE9F00E0EA36 /* macOS */ = {
			isa = PBXGroup;
			children = (
				CE99E68125DBFEA000E0EA36 /* macOS.entitlements */,
				CE99E68025DBFEA000E0EA36 /* Info.plist */,
				CE99E67725DBFE9F00E0EA36 /* App.swift */,
				CECFD8C125E3EA0000BD3532 /* Array.swift */,
				CEC22CAB25E6818F0035E674 /* Board.Cell.Edit.swift */,
				CE1B806425E2B5A30075ACE4 /* Board.Cell.State.swift */,
				CE12944825DEC027000533B1 /* Board.Cell.swift */,
				CE12945625DECAC4000533B1 /* Board.Item.swift */,
				CE5F392025DD9CD60095F4FB /* Board.swift */,
				CE221BF225DD6C1900EFA20B /* Capacity.swift */,
				CEC22CB925E69D630035E674 /* Capacity.Titlebar.swift */,
				CE4E4A8325E15DCA007A46BB /* Control.Icon.swift */,
				CE38330C25DE9B1E00539F4E /* Control.Rectangle.swift */,
				CE221BD325DD5B2A00EFA20B /* Control.Squircle.swift */,
				CE221BA925DD3D6900EFA20B /* Control.State.swift */,
				CE221BA525DD3D6000EFA20B /* Control.swift */,
				CE15FB7C25E4268E00704E20 /* Control.Tool.swift */,
				CE4E4A7125E14CFA007A46BB /* Edit.swift */,
				CE4E4A8925E16323007A46BB /* Edit.Text.swift */,
				CE5F390E25DD90F50095F4FB /* Flip.swift */,
				CE4C49EC25E5325800BCF746 /* Menu.swift */,
				CE221BC925DD563400EFA20B /* Metrics.swift */,
				CEC22CB125E695B90035E674 /* NSAlert.swift */,
				CE3832F625DE949700539F4E /* NSAttributedString.swift */,
				CE4C49F025E533F500BCF746 /* NSMenuItem.swift */,
				CE38331625DEA75400539F4E /* Plus.Field.swift */,
				CE3832FE25DE994700539F4E /* Plus.swift */,
				CE418AE325E80198000F2546 /* Preferences.swift */,
				CE418AE725E801AA000F2546 /* Preferences.Toggle.swift */,
				CE9DD44725E576730087CC8C /* Projects.Columns.swift */,
				CE5F391C25DD9BE30095F4FB /* Projects.Empty.swift */,
				CE4E4A6D25E14BF0007A46BB /* Projects.Item.swift */,
				CE5F391825DD96490095F4FB /* Projects.Middlebar.Item.swift */,
				CE221BC125DD55A400EFA20B /* Projects.Middlebar.swift */,
				CE418AED25E805A9000F2546 /* Projects.Progress.swift */,
				CEF1B84025E41F6A004B72AF /* Projects.Settings.swift */,
				CE221BBD25DD552E00EFA20B /* Projects.swift */,
				CE221BCF25DD5A5E00EFA20B /* Projects.Titlebar.swift */,
				CE5F391225DD91070095F4FB /* Scroll.swift */,
				CE221BF825DD6DC200EFA20B /* Session.swift */,
				CECFD8BB25E3E3A500BD3532 /* Set.Board.Cell.swift */,
				CE4C49DD25E523CA00BCF746 /* Set.Board.Item.swift */,
				CE221BA125DD3D3E00EFA20B /* Sidebar.Item.swift */,
				CE221B9B25DD39AF00EFA20B /* Sidebar.swift */,
				CE221BB325DD3E8900EFA20B /* Text.swift */,
				CE0B3C3725DC2AAE00317754 /* Window.swift */,
				CE99E67B25DBFEA000E0EA36 /* Assets.xcassets */,
			);
			path = macOS;
			sourceTree = "<group>";
		};
		CEA1819A25C04DE000552DEF /* Frameworks */ = {
			isa = PBXGroup;
			children = (
				CE99E68B25DC00A200E0EA36 /* CloudKit.framework */,
				CE99E68925DC009300E0EA36 /* StoreKit.framework */,
				CE99E68725DC008700E0EA36 /* StoreKit.framework */,
				CEA1819B25C04DE000552DEF /* CloudKit.framework */,
			);
			name = Frameworks;
			sourceTree = "<group>";
		};
/* End PBXGroup section */

/* Begin PBXNativeTarget section */
		CE25079525B8660900F9C526 /* iOS */ = {
			isa = PBXNativeTarget;
			buildConfigurationList = CE2507A325B8660A00F9C526 /* Build configuration list for PBXNativeTarget "iOS" */;
			buildPhases = (
				CE25079225B8660900F9C526 /* Sources */,
				CE25079325B8660900F9C526 /* Frameworks */,
				CE25079425B8660900F9C526 /* Resources */,
			);
			buildRules = (
			);
			dependencies = (
			);
			name = iOS;
			packageProductDependencies = (
				CEB09ADE25B994AF00BF7AD6 /* Kanban */,
			);
			productName = iOS;
			productReference = CE25079625B8660900F9C526 /* Avocado.app */;
			productType = "com.apple.product-type.application";
		};
		CE99E67425DBFE9F00E0EA36 /* macOS */ = {
			isa = PBXNativeTarget;
			buildConfigurationList = CE99E68425DBFEA000E0EA36 /* Build configuration list for PBXNativeTarget "macOS" */;
			buildPhases = (
				CE99E67125DBFE9F00E0EA36 /* Sources */,
				CE99E67225DBFE9F00E0EA36 /* Frameworks */,
				CE99E67325DBFE9F00E0EA36 /* Resources */,
			);
			buildRules = (
			);
			dependencies = (
			);
			name = macOS;
			packageProductDependencies = (
				CE99E68D25DC01AB00E0EA36 /* Kanban */,
			);
			productName = macOS;
			productReference = CE99E67525DBFE9F00E0EA36 /* Avocado.app */;
			productType = "com.apple.product-type.application";
		};
/* End PBXNativeTarget section */

/* Begin PBXProject section */
		CE25078C25B8521C00F9C526 /* Project object */ = {
			isa = PBXProject;
			attributes = {
				LastSwiftUpdateCheck = 1240;
				LastUpgradeCheck = 1240;
				TargetAttributes = {
					CE25079525B8660900F9C526 = {
						CreatedOnToolsVersion = 12.3;
					};
					CE99E67425DBFE9F00E0EA36 = {
						CreatedOnToolsVersion = 12.4;
					};
				};
			};
			buildConfigurationList = CE25078F25B8521C00F9C526 /* Build configuration list for PBXProject "Avocado" */;
			compatibilityVersion = "Xcode 9.3";
			developmentRegion = en;
			hasScannedForEncodings = 0;
			knownRegions = (
				en,
				Base,
			);
			mainGroup = CE25078B25B8521C00F9C526;
			packageReferences = (
				CEB09ADD25B994AF00BF7AD6 /* XCRemoteSwiftPackageReference "kanban" */,
			);
			productRefGroup = CE25079725B8660900F9C526 /* Products */;
			projectDirPath = "";
			projectRoot = "";
			targets = (
				CE25079525B8660900F9C526 /* iOS */,
				CE99E67425DBFE9F00E0EA36 /* macOS */,
			);
		};
/* End PBXProject section */

/* Begin PBXResourcesBuildPhase section */
		CE25079425B8660900F9C526 /* Resources */ = {
			isa = PBXResourcesBuildPhase;
			buildActionMask = 2147483647;
			files = (
				CEF2D7D825C0554700223C79 /* Media.xcassets in Resources */,
				CE6D659D25D1A1060017FE07 /* Settings.bundle in Resources */,
				CE25079E25B8660A00F9C526 /* Assets.xcassets in Resources */,
			);
			runOnlyForDeploymentPostprocessing = 0;
		};
		CE99E67325DBFE9F00E0EA36 /* Resources */ = {
			isa = PBXResourcesBuildPhase;
			buildActionMask = 2147483647;
			files = (
				CE0B3C3D25DC3A2A00317754 /* Media.xcassets in Resources */,
				CE99E67C25DBFEA000E0EA36 /* Assets.xcassets in Resources */,
			);
			runOnlyForDeploymentPostprocessing = 0;
		};
/* End PBXResourcesBuildPhase section */

/* Begin PBXSourcesBuildPhase section */
		CE25079225B8660900F9C526 /* Sources */ = {
			isa = PBXSourcesBuildPhase;
			buildActionMask = 2147483647;
			files = (
				CEA652A225C1CBA60099C82E /* Metrics.swift in Sources */,
				CE2507CC25B8733500F9C526 /* Session.swift in Sources */,
				CE0E839025CEB912001283C6 /* Project.Columns.swift in Sources */,
				CE2507E025B877FF00F9C526 /* UIApplication.swift in Sources */,
				CE95054025EA7D5E00EB178E /* Session.Section.swift in Sources */,
				CEAFE88C25EFE78D00B45B8C /* Modal.Card.Vertical.swift in Sources */,
				CEDB78F425ECFCCF001A02A4 /* Project.Options.swift in Sources */,
				CE40E9F925F0F18700BC194F /* Modal.Card.Horizontal.swift in Sources */,
				CE25079C25B8660900F9C526 /* Window.swift in Sources */,
				CEDBD48825EA80FA00C689CF /* Middlebar.swift in Sources */,
				CE575AF525C1730500A6B28D /* App.Delegate.swift in Sources */,
				CE95052525EA766D00EB178E /* Sidebar.swift in Sources */,
				CE69A59325D1816300EC9DB0 /* Switch.swift in Sources */,
				CE7183B925CC3CAC00AD02F8 /* Dismisser.swift in Sources */,
				CE2507EB25B87D9800F9C526 /* Field.swift in Sources */,
				CE48895D25CD7C78003F63AC /* Modal.Card.swift in Sources */,
				CEDB78E925ECFA7D001A02A4 /* Column.swift in Sources */,
				CE69A59625D1817700EC9DB0 /* Settings.swift in Sources */,
				CE69A58125D15EB600EC9DB0 /* Progress.swift in Sources */,
				CE2507EE25B87DB300F9C526 /* Field.Coordinator.swift in Sources */,
				CE36F6B025EE5F1400774635 /* Project.Paging.swift in Sources */,
				CE7D6FBC25F256E30028BB2A /* Middelbar.Item.Style.swift in Sources */,
				CE4206AE25D1937E00E43D49 /* Capacity.Item.swift in Sources */,
				CEA0D19625EC4C650011FFC0 /* Project.swift in Sources */,
				CE71D20825B98FF000D0F4E3 /* Board.swift in Sources */,
				CE71F83725F7810B00D4379A /* Color.swift in Sources */,
				CEAFE89225EFE80F00B45B8C /* Modal.Card.Footer.swift in Sources */,
				CE8C6EDD25C31D51007D25FC /* Editor.Coordinator.swift in Sources */,
				CE95053625EA795A00EB178E /* Sidebar.Style.swift in Sources */,
				CEA0D18E25EC45110011FFC0 /* Middlebar.Item.swift in Sources */,
				CE71F83D25F7817100D4379A /* Activity.Item.swift in Sources */,
				CEDB78FE25ED0E08001A02A4 /* Card.swift in Sources */,
				CEDB78F025ECFC8B001A02A4 /* Project.Title.swift in Sources */,
				CE6229DE25F6549E008ED49E /* Activity.Chart.swift in Sources */,
				CE69A58725D1611400EC9DB0 /* Progress.Ring.swift in Sources */,
				CE4206A225D1853B00E43D49 /* Capacity.swift in Sources */,
				CE25079A25B8660900F9C526 /* App.swift in Sources */,
				CEE61FA525CB0A08007CF830 /* Tool.swift in Sources */,
				CEE61FA125CAFCFB007CF830 /* Modal.swift in Sources */,
				CE4206A625D18C0600E43D49 /* Purchases.swift in Sources */,
				CE8C6EE125C31E87007D25FC /* Container.swift in Sources */,
				CE8C6ED325C31A4E007D25FC /* Editor.swift in Sources */,
				CE1E602125CD9B5C00456852 /* Project.Edit.swift in Sources */,
				CE9A9ECD25E66BF000EDEBA3 /* RelativeDateTimeFormatter.swift in Sources */,
				CE4206AA25D18C5F00E43D49 /* Purchases.Item.swift in Sources */,
				CE6229DA25F65435008ED49E /* Activity.swift in Sources */,
				CE95052925EA770500EB178E /* _Metrics.swift in Sources */,
			);
			runOnlyForDeploymentPostprocessing = 0;
		};
		CE99E67125DBFE9F00E0EA36 /* Sources */ = {
			isa = PBXSourcesBuildPhase;
			buildActionMask = 2147483647;
			files = (
				CE5F391925DD96490095F4FB /* Projects.Middlebar.Item.swift in Sources */,
				CE9A9ECE25E66BF000EDEBA3 /* RelativeDateTimeFormatter.swift in Sources */,
				CE221BF925DD6DC200EFA20B /* Session.swift in Sources */,
				CEC22CB225E695B90035E674 /* NSAlert.swift in Sources */,
				CE418AE825E801AA000F2546 /* Preferences.Toggle.swift in Sources */,
				CECFD8C225E3EA0000BD3532 /* Array.swift in Sources */,
				CE221BBE25DD552E00EFA20B /* Projects.swift in Sources */,
				CE38330D25DE9B1E00539F4E /* Control.Rectangle.swift in Sources */,
				CE221BA225DD3D3E00EFA20B /* Sidebar.Item.swift in Sources */,
				CE221BCA25DD563400EFA20B /* Metrics.swift in Sources */,
				CE9DD44825E576730087CC8C /* Projects.Columns.swift in Sources */,
				CE4E4A8425E15DCA007A46BB /* Control.Icon.swift in Sources */,
				CE221BD425DD5B2A00EFA20B /* Control.Squircle.swift in Sources */,
				CE5F391D25DD9BE30095F4FB /* Projects.Empty.swift in Sources */,
				CE95052E25EA771900EB178E /* _Metrics.swift in Sources */,
				CE4E4A6E25E14BF0007A46BB /* Projects.Item.swift in Sources */,
				CE221BF325DD6C1900EFA20B /* Capacity.swift in Sources */,
				CE418AEE25E805A9000F2546 /* Projects.Progress.swift in Sources */,
				CE4E4A7225E14CFA007A46BB /* Edit.swift in Sources */,
				CE3832F725DE949700539F4E /* NSAttributedString.swift in Sources */,
				CE5F391325DD91070095F4FB /* Scroll.swift in Sources */,
				CE4C49DE25E523CA00BCF746 /* Set.Board.Item.swift in Sources */,
				CE99E67825DBFE9F00E0EA36 /* App.swift in Sources */,
				CE5F390F25DD90F50095F4FB /* Flip.swift in Sources */,
				CE15FB7D25E4268E00704E20 /* Control.Tool.swift in Sources */,
				CE4E4A8A25E16323007A46BB /* Edit.Text.swift in Sources */,
				CE221BB425DD3E8900EFA20B /* Text.swift in Sources */,
				CE4C49F125E533F500BCF746 /* NSMenuItem.swift in Sources */,
				CEC22CC125E6AC0C0035E674 /* Purchases.swift in Sources */,
				CE3832FF25DE994700539F4E /* Plus.swift in Sources */,
				CEC22CC425E6AC0F0035E674 /* Purchases.Item.swift in Sources */,
				CE12944925DEC027000533B1 /* Board.Cell.swift in Sources */,
				CE12945725DECAC4000533B1 /* Board.Item.swift in Sources */,
				CE1B806525E2B5A30075ACE4 /* Board.Cell.State.swift in Sources */,
				CEF1B84125E41F6A004B72AF /* Projects.Settings.swift in Sources */,
				CE418AE425E80198000F2546 /* Preferences.swift in Sources */,
				CE221BC225DD55A400EFA20B /* Projects.Middlebar.swift in Sources */,
				CE221BAA25DD3D6900EFA20B /* Control.State.swift in Sources */,
				CEC22CBA25E69D630035E674 /* Capacity.Titlebar.swift in Sources */,
				CE221BA625DD3D6000EFA20B /* Control.swift in Sources */,
				CE4C49ED25E5325800BCF746 /* Menu.swift in Sources */,
				CE221BD025DD5A5E00EFA20B /* Projects.Titlebar.swift in Sources */,
				CE221B9C25DD39AF00EFA20B /* Sidebar.swift in Sources */,
				CE4E4A8D25E163A2007A46BB /* Container.swift in Sources */,
				CECFD8BC25E3E3A500BD3532 /* Set.Board.Cell.swift in Sources */,
				CEC22CAC25E6818F0035E674 /* Board.Cell.Edit.swift in Sources */,
				CE5F392125DD9CD60095F4FB /* Board.swift in Sources */,
				CE0B3C3825DC2AAE00317754 /* Window.swift in Sources */,
				CE38331725DEA75400539F4E /* Plus.Field.swift in Sources */,
			);
			runOnlyForDeploymentPostprocessing = 0;
		};
/* End PBXSourcesBuildPhase section */

/* Begin XCBuildConfiguration section */
		CE25079025B8521C00F9C526 /* Debug */ = {
			isa = XCBuildConfiguration;
			buildSettings = {
				CLANG_ENABLE_MODULES = YES;
				CLANG_WARN_BLOCK_CAPTURE_AUTORELEASING = YES;
				CLANG_WARN_BOOL_CONVERSION = YES;
				CLANG_WARN_COMMA = YES;
				CLANG_WARN_CONSTANT_CONVERSION = YES;
				CLANG_WARN_DEPRECATED_OBJC_IMPLEMENTATIONS = YES;
				CLANG_WARN_EMPTY_BODY = YES;
				CLANG_WARN_ENUM_CONVERSION = YES;
				CLANG_WARN_INFINITE_RECURSION = YES;
				CLANG_WARN_INT_CONVERSION = YES;
				CLANG_WARN_NON_LITERAL_NULL_CONVERSION = YES;
				CLANG_WARN_OBJC_IMPLICIT_RETAIN_SELF = YES;
				CLANG_WARN_OBJC_LITERAL_CONVERSION = YES;
				CLANG_WARN_QUOTED_INCLUDE_IN_FRAMEWORK_HEADER = YES;
				CLANG_WARN_RANGE_LOOP_ANALYSIS = YES;
				CLANG_WARN_STRICT_PROTOTYPES = YES;
				CLANG_WARN_SUSPICIOUS_MOVE = YES;
				CLANG_WARN_UNREACHABLE_CODE = YES;
				CLANG_WARN__DUPLICATE_METHOD_MATCH = YES;
				CURRENT_PROJECT_VERSION = "$(MARKETING_VERSION)";
				DEBUG_INFORMATION_FORMAT = dwarf;
				ENABLE_BITCODE = YES;
				ENABLE_STRICT_OBJC_MSGSEND = YES;
				ENABLE_TESTABILITY = YES;
				GCC_NO_COMMON_BLOCKS = YES;
				GCC_OPTIMIZATION_LEVEL = 0;
				GCC_WARN_64_TO_32_BIT_CONVERSION = YES;
				GCC_WARN_ABOUT_RETURN_TYPE = YES;
				GCC_WARN_UNDECLARED_SELECTOR = YES;
				GCC_WARN_UNINITIALIZED_AUTOS = YES;
				GCC_WARN_UNUSED_FUNCTION = YES;
				GCC_WARN_UNUSED_VARIABLE = YES;
				IPHONEOS_DEPLOYMENT_TARGET = 14.0;
				MACOSX_DEPLOYMENT_TARGET = 11.0;
				MARKETING_VERSION = 8;
				ONLY_ACTIVE_ARCH = YES;
				PRODUCT_NAME = Avocado;
				SWIFT_INSTALL_OBJC_HEADER = NO;
				SWIFT_OPTIMIZATION_LEVEL = "-Onone";
				SWIFT_VERSION = 5.0;
			};
			name = Debug;
		};
		CE25079125B8521C00F9C526 /* Release */ = {
			isa = XCBuildConfiguration;
			buildSettings = {
				CLANG_ENABLE_MODULES = YES;
				CLANG_WARN_BLOCK_CAPTURE_AUTORELEASING = YES;
				CLANG_WARN_BOOL_CONVERSION = YES;
				CLANG_WARN_COMMA = YES;
				CLANG_WARN_CONSTANT_CONVERSION = YES;
				CLANG_WARN_DEPRECATED_OBJC_IMPLEMENTATIONS = YES;
				CLANG_WARN_EMPTY_BODY = YES;
				CLANG_WARN_ENUM_CONVERSION = YES;
				CLANG_WARN_INFINITE_RECURSION = YES;
				CLANG_WARN_INT_CONVERSION = YES;
				CLANG_WARN_NON_LITERAL_NULL_CONVERSION = YES;
				CLANG_WARN_OBJC_IMPLICIT_RETAIN_SELF = YES;
				CLANG_WARN_OBJC_LITERAL_CONVERSION = YES;
				CLANG_WARN_QUOTED_INCLUDE_IN_FRAMEWORK_HEADER = YES;
				CLANG_WARN_RANGE_LOOP_ANALYSIS = YES;
				CLANG_WARN_STRICT_PROTOTYPES = YES;
				CLANG_WARN_SUSPICIOUS_MOVE = YES;
				CLANG_WARN_UNREACHABLE_CODE = YES;
				CLANG_WARN__DUPLICATE_METHOD_MATCH = YES;
				CURRENT_PROJECT_VERSION = "$(MARKETING_VERSION)";
				DEBUG_INFORMATION_FORMAT = "dwarf-with-dsym";
				ENABLE_BITCODE = YES;
				ENABLE_STRICT_OBJC_MSGSEND = YES;
				GCC_NO_COMMON_BLOCKS = YES;
				GCC_OPTIMIZATION_LEVEL = 3;
				GCC_WARN_64_TO_32_BIT_CONVERSION = YES;
				GCC_WARN_ABOUT_RETURN_TYPE = YES;
				GCC_WARN_UNDECLARED_SELECTOR = YES;
				GCC_WARN_UNINITIALIZED_AUTOS = YES;
				GCC_WARN_UNUSED_FUNCTION = YES;
				GCC_WARN_UNUSED_VARIABLE = YES;
				IPHONEOS_DEPLOYMENT_TARGET = 14.0;
				MACOSX_DEPLOYMENT_TARGET = 11.0;
				MARKETING_VERSION = 8;
				PRODUCT_NAME = Avocado;
				SWIFT_COMPILATION_MODE = wholemodule;
				SWIFT_INSTALL_OBJC_HEADER = NO;
				SWIFT_VERSION = 5.0;
			};
			name = Release;
		};
		CE2507A425B8660A00F9C526 /* Debug */ = {
			isa = XCBuildConfiguration;
			buildSettings = {
				ALWAYS_SEARCH_USER_PATHS = NO;
				ASSETCATALOG_COMPILER_APPICON_NAME = AppIcon;
				ASSETCATALOG_COMPILER_GLOBAL_ACCENT_COLOR_NAME = AccentColor;
				CLANG_ANALYZER_NONNULL = YES;
				CLANG_ANALYZER_NUMBER_OBJECT_CONVERSION = YES_AGGRESSIVE;
				CLANG_CXX_LANGUAGE_STANDARD = "gnu++14";
				CLANG_CXX_LIBRARY = "libc++";
				CLANG_ENABLE_OBJC_ARC = YES;
				CLANG_ENABLE_OBJC_WEAK = YES;
				CLANG_WARN_BLOCK_CAPTURE_AUTORELEASING = YES;
				CLANG_WARN_BOOL_CONVERSION = YES;
				CLANG_WARN_COMMA = YES;
				CLANG_WARN_CONSTANT_CONVERSION = YES;
				CLANG_WARN_DEPRECATED_OBJC_IMPLEMENTATIONS = YES;
				CLANG_WARN_DIRECT_OBJC_ISA_USAGE = YES_ERROR;
				CLANG_WARN_DOCUMENTATION_COMMENTS = YES;
				CLANG_WARN_EMPTY_BODY = YES;
				CLANG_WARN_ENUM_CONVERSION = YES;
				CLANG_WARN_INFINITE_RECURSION = YES;
				CLANG_WARN_INT_CONVERSION = YES;
				CLANG_WARN_NON_LITERAL_NULL_CONVERSION = YES;
				CLANG_WARN_OBJC_IMPLICIT_RETAIN_SELF = YES;
				CLANG_WARN_OBJC_LITERAL_CONVERSION = YES;
				CLANG_WARN_OBJC_ROOT_CLASS = YES_ERROR;
				CLANG_WARN_QUOTED_INCLUDE_IN_FRAMEWORK_HEADER = YES;
				CLANG_WARN_RANGE_LOOP_ANALYSIS = YES;
				CLANG_WARN_STRICT_PROTOTYPES = YES;
				CLANG_WARN_SUSPICIOUS_MOVE = YES;
				CLANG_WARN_UNGUARDED_AVAILABILITY = YES_AGGRESSIVE;
				CLANG_WARN_UNREACHABLE_CODE = YES;
				CLANG_WARN__DUPLICATE_METHOD_MATCH = YES;
				CODE_SIGN_ENTITLEMENTS = iOS/Avocado.entitlements;
				CODE_SIGN_STYLE = Automatic;
				COPY_PHASE_STRIP = NO;
				DEVELOPMENT_TEAM = 7AMWG3RLHN;
				ENABLE_STRICT_OBJC_MSGSEND = YES;
				ENABLE_TESTABILITY = YES;
				GCC_C_LANGUAGE_STANDARD = gnu11;
				GCC_DYNAMIC_NO_PIC = NO;
				GCC_NO_COMMON_BLOCKS = YES;
				GCC_PREPROCESSOR_DEFINITIONS = (
					"DEBUG=1",
					"$(inherited)",
				);
				GCC_WARN_64_TO_32_BIT_CONVERSION = YES;
				GCC_WARN_ABOUT_RETURN_TYPE = YES_ERROR;
				GCC_WARN_UNDECLARED_SELECTOR = YES;
				GCC_WARN_UNINITIALIZED_AUTOS = YES_AGGRESSIVE;
				GCC_WARN_UNUSED_FUNCTION = YES;
				GCC_WARN_UNUSED_VARIABLE = YES;
				INFOPLIST_FILE = iOS/Info.plist;
				LD_RUNPATH_SEARCH_PATHS = (
					"$(inherited)",
					"@executable_path/Frameworks",
				);
				MTL_ENABLE_DEBUG_INFO = INCLUDE_SOURCE;
				MTL_FAST_MATH = YES;
				ONLY_ACTIVE_ARCH = YES;
				PRODUCT_BUNDLE_IDENTIFIER = avoca.do;
				SDKROOT = iphoneos;
				SWIFT_ACTIVE_COMPILATION_CONDITIONS = DEBUG;
				TARGETED_DEVICE_FAMILY = "1,2";
			};
			name = Debug;
		};
		CE2507A525B8660A00F9C526 /* Release */ = {
			isa = XCBuildConfiguration;
			buildSettings = {
				ALWAYS_SEARCH_USER_PATHS = NO;
				ASSETCATALOG_COMPILER_APPICON_NAME = AppIcon;
				ASSETCATALOG_COMPILER_GLOBAL_ACCENT_COLOR_NAME = AccentColor;
				CLANG_ANALYZER_NONNULL = YES;
				CLANG_ANALYZER_NUMBER_OBJECT_CONVERSION = YES_AGGRESSIVE;
				CLANG_CXX_LANGUAGE_STANDARD = "gnu++14";
				CLANG_CXX_LIBRARY = "libc++";
				CLANG_ENABLE_OBJC_ARC = YES;
				CLANG_ENABLE_OBJC_WEAK = YES;
				CLANG_WARN_BLOCK_CAPTURE_AUTORELEASING = YES;
				CLANG_WARN_BOOL_CONVERSION = YES;
				CLANG_WARN_COMMA = YES;
				CLANG_WARN_CONSTANT_CONVERSION = YES;
				CLANG_WARN_DEPRECATED_OBJC_IMPLEMENTATIONS = YES;
				CLANG_WARN_DIRECT_OBJC_ISA_USAGE = YES_ERROR;
				CLANG_WARN_DOCUMENTATION_COMMENTS = YES;
				CLANG_WARN_EMPTY_BODY = YES;
				CLANG_WARN_ENUM_CONVERSION = YES;
				CLANG_WARN_INFINITE_RECURSION = YES;
				CLANG_WARN_INT_CONVERSION = YES;
				CLANG_WARN_NON_LITERAL_NULL_CONVERSION = YES;
				CLANG_WARN_OBJC_IMPLICIT_RETAIN_SELF = YES;
				CLANG_WARN_OBJC_LITERAL_CONVERSION = YES;
				CLANG_WARN_OBJC_ROOT_CLASS = YES_ERROR;
				CLANG_WARN_QUOTED_INCLUDE_IN_FRAMEWORK_HEADER = YES;
				CLANG_WARN_RANGE_LOOP_ANALYSIS = YES;
				CLANG_WARN_STRICT_PROTOTYPES = YES;
				CLANG_WARN_SUSPICIOUS_MOVE = YES;
				CLANG_WARN_UNGUARDED_AVAILABILITY = YES_AGGRESSIVE;
				CLANG_WARN_UNREACHABLE_CODE = YES;
				CLANG_WARN__DUPLICATE_METHOD_MATCH = YES;
				CODE_SIGN_ENTITLEMENTS = iOS/Avocado.entitlements;
				CODE_SIGN_STYLE = Automatic;
				COPY_PHASE_STRIP = NO;
				DEVELOPMENT_TEAM = 7AMWG3RLHN;
				ENABLE_NS_ASSERTIONS = NO;
				ENABLE_STRICT_OBJC_MSGSEND = YES;
				GCC_C_LANGUAGE_STANDARD = gnu11;
				GCC_NO_COMMON_BLOCKS = YES;
				GCC_WARN_64_TO_32_BIT_CONVERSION = YES;
				GCC_WARN_ABOUT_RETURN_TYPE = YES_ERROR;
				GCC_WARN_UNDECLARED_SELECTOR = YES;
				GCC_WARN_UNINITIALIZED_AUTOS = YES_AGGRESSIVE;
				GCC_WARN_UNUSED_FUNCTION = YES;
				GCC_WARN_UNUSED_VARIABLE = YES;
				INFOPLIST_FILE = iOS/Info.plist;
				LD_RUNPATH_SEARCH_PATHS = (
					"$(inherited)",
					"@executable_path/Frameworks",
				);
				MTL_ENABLE_DEBUG_INFO = NO;
				MTL_FAST_MATH = YES;
				PRODUCT_BUNDLE_IDENTIFIER = avoca.do;
				SDKROOT = iphoneos;
				TARGETED_DEVICE_FAMILY = "1,2";
				VALIDATE_PRODUCT = YES;
			};
			name = Release;
		};
		CE99E68225DBFEA000E0EA36 /* Debug */ = {
			isa = XCBuildConfiguration;
			buildSettings = {
				ALWAYS_SEARCH_USER_PATHS = NO;
				ASSETCATALOG_COMPILER_APPICON_NAME = AppIcon;
				ASSETCATALOG_COMPILER_GLOBAL_ACCENT_COLOR_NAME = AccentColor;
				CLANG_ANALYZER_NONNULL = YES;
				CLANG_ANALYZER_NUMBER_OBJECT_CONVERSION = YES_AGGRESSIVE;
				CLANG_CXX_LANGUAGE_STANDARD = "gnu++14";
				CLANG_CXX_LIBRARY = "libc++";
				CLANG_ENABLE_OBJC_ARC = YES;
				CLANG_ENABLE_OBJC_WEAK = YES;
				CLANG_WARN_DIRECT_OBJC_ISA_USAGE = YES_ERROR;
				CLANG_WARN_DOCUMENTATION_COMMENTS = YES;
				CLANG_WARN_OBJC_ROOT_CLASS = YES_ERROR;
				CLANG_WARN_UNGUARDED_AVAILABILITY = YES_AGGRESSIVE;
				CODE_SIGN_ENTITLEMENTS = macOS/macOS.entitlements;
				CODE_SIGN_STYLE = Automatic;
				COMBINE_HIDPI_IMAGES = YES;
				COPY_PHASE_STRIP = NO;
				DEVELOPMENT_TEAM = 7AMWG3RLHN;
				ENABLE_HARDENED_RUNTIME = YES;
				GCC_C_LANGUAGE_STANDARD = gnu11;
				GCC_DYNAMIC_NO_PIC = NO;
				GCC_PREPROCESSOR_DEFINITIONS = (
					"DEBUG=1",
					"$(inherited)",
				);
				GCC_WARN_ABOUT_RETURN_TYPE = YES_ERROR;
				GCC_WARN_UNINITIALIZED_AUTOS = YES_AGGRESSIVE;
				INFOPLIST_FILE = macOS/Info.plist;
				LD_RUNPATH_SEARCH_PATHS = (
					"$(inherited)",
					"@executable_path/../Frameworks",
				);
				MTL_ENABLE_DEBUG_INFO = INCLUDE_SOURCE;
				MTL_FAST_MATH = YES;
				PRODUCT_BUNDLE_IDENTIFIER = avoca.do;
				SDKROOT = macosx;
				SWIFT_ACTIVE_COMPILATION_CONDITIONS = DEBUG;
			};
			name = Debug;
		};
		CE99E68325DBFEA000E0EA36 /* Release */ = {
			isa = XCBuildConfiguration;
			buildSettings = {
				ALWAYS_SEARCH_USER_PATHS = NO;
				ASSETCATALOG_COMPILER_APPICON_NAME = AppIcon;
				ASSETCATALOG_COMPILER_GLOBAL_ACCENT_COLOR_NAME = AccentColor;
				CLANG_ANALYZER_NONNULL = YES;
				CLANG_ANALYZER_NUMBER_OBJECT_CONVERSION = YES_AGGRESSIVE;
				CLANG_CXX_LANGUAGE_STANDARD = "gnu++14";
				CLANG_CXX_LIBRARY = "libc++";
				CLANG_ENABLE_OBJC_ARC = YES;
				CLANG_ENABLE_OBJC_WEAK = YES;
				CLANG_WARN_DIRECT_OBJC_ISA_USAGE = YES_ERROR;
				CLANG_WARN_DOCUMENTATION_COMMENTS = YES;
				CLANG_WARN_OBJC_ROOT_CLASS = YES_ERROR;
				CLANG_WARN_UNGUARDED_AVAILABILITY = YES_AGGRESSIVE;
				CODE_SIGN_ENTITLEMENTS = macOS/macOS.entitlements;
				CODE_SIGN_STYLE = Automatic;
				COMBINE_HIDPI_IMAGES = YES;
				COPY_PHASE_STRIP = NO;
				DEVELOPMENT_TEAM = 7AMWG3RLHN;
				ENABLE_HARDENED_RUNTIME = YES;
				ENABLE_NS_ASSERTIONS = NO;
				GCC_C_LANGUAGE_STANDARD = gnu11;
				GCC_WARN_ABOUT_RETURN_TYPE = YES_ERROR;
				GCC_WARN_UNINITIALIZED_AUTOS = YES_AGGRESSIVE;
				INFOPLIST_FILE = macOS/Info.plist;
				LD_RUNPATH_SEARCH_PATHS = (
					"$(inherited)",
					"@executable_path/../Frameworks",
				);
				MTL_ENABLE_DEBUG_INFO = NO;
				MTL_FAST_MATH = YES;
				PRODUCT_BUNDLE_IDENTIFIER = avoca.do;
				SDKROOT = macosx;
			};
			name = Release;
		};
/* End XCBuildConfiguration section */

/* Begin XCConfigurationList section */
		CE25078F25B8521C00F9C526 /* Build configuration list for PBXProject "Avocado" */ = {
			isa = XCConfigurationList;
			buildConfigurations = (
				CE25079025B8521C00F9C526 /* Debug */,
				CE25079125B8521C00F9C526 /* Release */,
			);
			defaultConfigurationIsVisible = 0;
			defaultConfigurationName = Release;
		};
		CE2507A325B8660A00F9C526 /* Build configuration list for PBXNativeTarget "iOS" */ = {
			isa = XCConfigurationList;
			buildConfigurations = (
				CE2507A425B8660A00F9C526 /* Debug */,
				CE2507A525B8660A00F9C526 /* Release */,
			);
			defaultConfigurationIsVisible = 0;
			defaultConfigurationName = Release;
		};
		CE99E68425DBFEA000E0EA36 /* Build configuration list for PBXNativeTarget "macOS" */ = {
			isa = XCConfigurationList;
			buildConfigurations = (
				CE99E68225DBFEA000E0EA36 /* Debug */,
				CE99E68325DBFEA000E0EA36 /* Release */,
			);
			defaultConfigurationIsVisible = 0;
			defaultConfigurationName = Release;
		};
/* End XCConfigurationList section */

/* Begin XCRemoteSwiftPackageReference section */
		CEB09ADD25B994AF00BF7AD6 /* XCRemoteSwiftPackageReference "kanban" */ = {
			isa = XCRemoteSwiftPackageReference;
			repositoryURL = "https://github.com/avoca-do/kanban.git";
			requirement = {
				branch = main;
				kind = branch;
			};
		};
/* End XCRemoteSwiftPackageReference section */

/* Begin XCSwiftPackageProductDependency section */
		CE99E68D25DC01AB00E0EA36 /* Kanban */ = {
			isa = XCSwiftPackageProductDependency;
			package = CEB09ADD25B994AF00BF7AD6 /* XCRemoteSwiftPackageReference "kanban" */;
			productName = Kanban;
		};
		CEB09ADE25B994AF00BF7AD6 /* Kanban */ = {
			isa = XCSwiftPackageProductDependency;
			package = CEB09ADD25B994AF00BF7AD6 /* XCRemoteSwiftPackageReference "kanban" */;
			productName = Kanban;
		};
/* End XCSwiftPackageProductDependency section */
	};
	rootObject = CE25078C25B8521C00F9C526 /* Project object */;
}
