// !$*UTF8*$!
{
	archiveVersion = 1;
	classes = {
	};
	objectVersion = 52;
	objects = {

/* Begin PBXBuildFile section */
		CE25079A25B8660900F9C526 /* App.swift in Sources */ = {isa = PBXBuildFile; fileRef = CE25079925B8660900F9C526 /* App.swift */; };
		CE25079C25B8660900F9C526 /* Window.swift in Sources */ = {isa = PBXBuildFile; fileRef = CE25079B25B8660900F9C526 /* Window.swift */; };
		CE25079E25B8660A00F9C526 /* Assets.xcassets in Resources */ = {isa = PBXBuildFile; fileRef = CE25079D25B8660A00F9C526 /* Assets.xcassets */; };
		CE2507C825B8731100F9C526 /* Color.swift in Sources */ = {isa = PBXBuildFile; fileRef = CE2507C725B8731100F9C526 /* Color.swift */; };
		CE2507CC25B8733500F9C526 /* Session.swift in Sources */ = {isa = PBXBuildFile; fileRef = CE2507CB25B8733500F9C526 /* Session.swift */; };
		CE2507D325B8755E00F9C526 /* Control.Style.swift in Sources */ = {isa = PBXBuildFile; fileRef = CE2507CF25B8755E00F9C526 /* Control.Style.swift */; };
		CE2507D425B8755E00F9C526 /* Control.State.swift in Sources */ = {isa = PBXBuildFile; fileRef = CE2507D025B8755E00F9C526 /* Control.State.swift */; };
		CE2507D525B8755E00F9C526 /* Control.Circle.swift in Sources */ = {isa = PBXBuildFile; fileRef = CE2507D125B8755E00F9C526 /* Control.Circle.swift */; };
		CE2507D625B8755E00F9C526 /* Control.swift in Sources */ = {isa = PBXBuildFile; fileRef = CE2507D225B8755E00F9C526 /* Control.swift */; };
		CE2507D925B8771000F9C526 /* Home.swift in Sources */ = {isa = PBXBuildFile; fileRef = CE2507D825B8771000F9C526 /* Home.swift */; };
		CE2507DD25B877D600F9C526 /* Neumorphic.swift in Sources */ = {isa = PBXBuildFile; fileRef = CE2507DC25B877D600F9C526 /* Neumorphic.swift */; };
		CE2507E025B877FF00F9C526 /* UIApplication.swift in Sources */ = {isa = PBXBuildFile; fileRef = CE2507DF25B877FF00F9C526 /* UIApplication.swift */; };
		CE2507EB25B87D9800F9C526 /* Home.Field.swift in Sources */ = {isa = PBXBuildFile; fileRef = CE2507EA25B87D9800F9C526 /* Home.Field.swift */; };
		CE2507EE25B87DB300F9C526 /* Home.Coordinator.swift in Sources */ = {isa = PBXBuildFile; fileRef = CE2507ED25B87DB300F9C526 /* Home.Coordinator.swift */; };
		CE71D20825B98FF000D0F4E3 /* Board.swift in Sources */ = {isa = PBXBuildFile; fileRef = CE71D20725B98FF000D0F4E3 /* Board.swift */; };
		CEA1819C25C04DE000552DEF /* CloudKit.framework in Frameworks */ = {isa = PBXBuildFile; fileRef = CEA1819B25C04DE000552DEF /* CloudKit.framework */; };
		CEB09ADF25B994AF00BF7AD6 /* Kanban in Frameworks */ = {isa = PBXBuildFile; productRef = CEB09ADE25B994AF00BF7AD6 /* Kanban */; };
		CED3399125B9BA36008BD131 /* Board.Column.swift in Sources */ = {isa = PBXBuildFile; fileRef = CED3399025B9BA36008BD131 /* Board.Column.swift */; };
		CED3399725B9E050008BD131 /* Board.Card.swift in Sources */ = {isa = PBXBuildFile; fileRef = CED3399625B9E050008BD131 /* Board.Card.swift */; };
		CEF2D7D825C0554700223C79 /* Media.xcassets in Resources */ = {isa = PBXBuildFile; fileRef = CEF2D7D725C0554700223C79 /* Media.xcassets */; };
		CEF2D7DB25C058C300223C79 /* Home.Item.swift in Sources */ = {isa = PBXBuildFile; fileRef = CEF2D7DA25C058C300223C79 /* Home.Item.swift */; };
/* End PBXBuildFile section */

/* Begin PBXFileReference section */
		CE25079625B8660900F9C526 /* Avocado.app */ = {isa = PBXFileReference; explicitFileType = wrapper.application; includeInIndex = 0; path = Avocado.app; sourceTree = BUILT_PRODUCTS_DIR; };
		CE25079925B8660900F9C526 /* App.swift */ = {isa = PBXFileReference; lastKnownFileType = sourcecode.swift; path = App.swift; sourceTree = "<group>"; };
		CE25079B25B8660900F9C526 /* Window.swift */ = {isa = PBXFileReference; lastKnownFileType = sourcecode.swift; path = Window.swift; sourceTree = "<group>"; };
		CE25079D25B8660A00F9C526 /* Assets.xcassets */ = {isa = PBXFileReference; lastKnownFileType = folder.assetcatalog; path = Assets.xcassets; sourceTree = "<group>"; };
		CE2507A225B8660A00F9C526 /* Info.plist */ = {isa = PBXFileReference; lastKnownFileType = text.plist.xml; path = Info.plist; sourceTree = "<group>"; };
		CE2507C725B8731100F9C526 /* Color.swift */ = {isa = PBXFileReference; lastKnownFileType = sourcecode.swift; path = Color.swift; sourceTree = "<group>"; };
		CE2507CB25B8733500F9C526 /* Session.swift */ = {isa = PBXFileReference; lastKnownFileType = sourcecode.swift; path = Session.swift; sourceTree = "<group>"; };
		CE2507CF25B8755E00F9C526 /* Control.Style.swift */ = {isa = PBXFileReference; fileEncoding = 4; lastKnownFileType = sourcecode.swift; path = Control.Style.swift; sourceTree = "<group>"; };
		CE2507D025B8755E00F9C526 /* Control.State.swift */ = {isa = PBXFileReference; fileEncoding = 4; lastKnownFileType = sourcecode.swift; path = Control.State.swift; sourceTree = "<group>"; };
		CE2507D125B8755E00F9C526 /* Control.Circle.swift */ = {isa = PBXFileReference; fileEncoding = 4; lastKnownFileType = sourcecode.swift; path = Control.Circle.swift; sourceTree = "<group>"; };
		CE2507D225B8755E00F9C526 /* Control.swift */ = {isa = PBXFileReference; fileEncoding = 4; lastKnownFileType = sourcecode.swift; path = Control.swift; sourceTree = "<group>"; };
		CE2507D825B8771000F9C526 /* Home.swift */ = {isa = PBXFileReference; lastKnownFileType = sourcecode.swift; path = Home.swift; sourceTree = "<group>"; };
		CE2507DC25B877D600F9C526 /* Neumorphic.swift */ = {isa = PBXFileReference; lastKnownFileType = sourcecode.swift; path = Neumorphic.swift; sourceTree = "<group>"; };
		CE2507DF25B877FF00F9C526 /* UIApplication.swift */ = {isa = PBXFileReference; lastKnownFileType = sourcecode.swift; path = UIApplication.swift; sourceTree = "<group>"; };
		CE2507EA25B87D9800F9C526 /* Home.Field.swift */ = {isa = PBXFileReference; lastKnownFileType = sourcecode.swift; path = Home.Field.swift; sourceTree = "<group>"; };
		CE2507ED25B87DB300F9C526 /* Home.Coordinator.swift */ = {isa = PBXFileReference; lastKnownFileType = sourcecode.swift; path = Home.Coordinator.swift; sourceTree = "<group>"; };
		CE71D20725B98FF000D0F4E3 /* Board.swift */ = {isa = PBXFileReference; lastKnownFileType = sourcecode.swift; path = Board.swift; sourceTree = "<group>"; };
		CEA1819825C04DD200552DEF /* Avocado.entitlements */ = {isa = PBXFileReference; lastKnownFileType = text.plist.entitlements; path = Avocado.entitlements; sourceTree = "<group>"; };
		CEA1819B25C04DE000552DEF /* CloudKit.framework */ = {isa = PBXFileReference; lastKnownFileType = wrapper.framework; name = CloudKit.framework; path = Platforms/iPhoneOS.platform/Developer/SDKs/iPhoneOS14.3.sdk/System/Library/Frameworks/CloudKit.framework; sourceTree = DEVELOPER_DIR; };
		CED3399025B9BA36008BD131 /* Board.Column.swift */ = {isa = PBXFileReference; lastKnownFileType = sourcecode.swift; path = Board.Column.swift; sourceTree = "<group>"; };
		CED3399625B9E050008BD131 /* Board.Card.swift */ = {isa = PBXFileReference; lastKnownFileType = sourcecode.swift; path = Board.Card.swift; sourceTree = "<group>"; };
		CEF2D7D725C0554700223C79 /* Media.xcassets */ = {isa = PBXFileReference; lastKnownFileType = folder.assetcatalog; path = Media.xcassets; sourceTree = "<group>"; };
		CEF2D7DA25C058C300223C79 /* Home.Item.swift */ = {isa = PBXFileReference; lastKnownFileType = sourcecode.swift; path = Home.Item.swift; sourceTree = "<group>"; };
/* End PBXFileReference section */

/* Begin PBXFrameworksBuildPhase section */
		CE25079325B8660900F9C526 /* Frameworks */ = {
			isa = PBXFrameworksBuildPhase;
			buildActionMask = 2147483647;
			files = (
				CEB09ADF25B994AF00BF7AD6 /* Kanban in Frameworks */,
				CEA1819C25C04DE000552DEF /* CloudKit.framework in Frameworks */,
			);
			runOnlyForDeploymentPostprocessing = 0;
		};
/* End PBXFrameworksBuildPhase section */

/* Begin PBXGroup section */
		CE25078B25B8521C00F9C526 = {
			isa = PBXGroup;
			children = (
				CE25079825B8660900F9C526 /* iOS */,
				CE25079725B8660900F9C526 /* Products */,
				CE2507F125B88CCD00F9C526 /* Shared */,
				CEA1819A25C04DE000552DEF /* Frameworks */,
			);
			sourceTree = "<group>";
		};
		CE25079725B8660900F9C526 /* Products */ = {
			isa = PBXGroup;
			children = (
				CE25079625B8660900F9C526 /* Avocado.app */,
			);
			name = Products;
			sourceTree = "<group>";
		};
		CE25079825B8660900F9C526 /* iOS */ = {
			isa = PBXGroup;
			children = (
				CEA1819825C04DD200552DEF /* Avocado.entitlements */,
				CE2507A225B8660A00F9C526 /* Info.plist */,
				CE25079925B8660900F9C526 /* App.swift */,
				CED3399625B9E050008BD131 /* Board.Card.swift */,
				CED3399025B9BA36008BD131 /* Board.Column.swift */,
				CE71D20725B98FF000D0F4E3 /* Board.swift */,
				CE2507C725B8731100F9C526 /* Color.swift */,
				CE2507D125B8755E00F9C526 /* Control.Circle.swift */,
				CE2507D025B8755E00F9C526 /* Control.State.swift */,
				CE2507CF25B8755E00F9C526 /* Control.Style.swift */,
				CE2507D225B8755E00F9C526 /* Control.swift */,
				CE2507ED25B87DB300F9C526 /* Home.Coordinator.swift */,
				CE2507EA25B87D9800F9C526 /* Home.Field.swift */,
				CEF2D7DA25C058C300223C79 /* Home.Item.swift */,
				CE2507D825B8771000F9C526 /* Home.swift */,
				CE2507DC25B877D600F9C526 /* Neumorphic.swift */,
				CE2507CB25B8733500F9C526 /* Session.swift */,
				CE2507DF25B877FF00F9C526 /* UIApplication.swift */,
				CE25079B25B8660900F9C526 /* Window.swift */,
				CE25079D25B8660A00F9C526 /* Assets.xcassets */,
			);
			path = iOS;
			sourceTree = "<group>";
		};
		CE2507F125B88CCD00F9C526 /* Shared */ = {
			isa = PBXGroup;
			children = (
				CEF2D7D725C0554700223C79 /* Media.xcassets */,
			);
			path = Shared;
			sourceTree = "<group>";
		};
		CEA1819A25C04DE000552DEF /* Frameworks */ = {
			isa = PBXGroup;
			children = (
				CEA1819B25C04DE000552DEF /* CloudKit.framework */,
			);
			name = Frameworks;
			sourceTree = "<group>";
		};
/* End PBXGroup section */

/* Begin PBXNativeTarget section */
		CE25079525B8660900F9C526 /* iOS */ = {
			isa = PBXNativeTarget;
			buildConfigurationList = CE2507A325B8660A00F9C526 /* Build configuration list for PBXNativeTarget "iOS" */;
			buildPhases = (
				CE25079225B8660900F9C526 /* Sources */,
				CE25079325B8660900F9C526 /* Frameworks */,
				CE25079425B8660900F9C526 /* Resources */,
			);
			buildRules = (
			);
			dependencies = (
			);
			name = iOS;
			packageProductDependencies = (
				CEB09ADE25B994AF00BF7AD6 /* Kanban */,
			);
			productName = iOS;
			productReference = CE25079625B8660900F9C526 /* Avocado.app */;
			productType = "com.apple.product-type.application";
		};
/* End PBXNativeTarget section */

/* Begin PBXProject section */
		CE25078C25B8521C00F9C526 /* Project object */ = {
			isa = PBXProject;
			attributes = {
				LastSwiftUpdateCheck = 1230;
				LastUpgradeCheck = 1230;
				TargetAttributes = {
					CE25079525B8660900F9C526 = {
						CreatedOnToolsVersion = 12.3;
					};
				};
			};
			buildConfigurationList = CE25078F25B8521C00F9C526 /* Build configuration list for PBXProject "Avocado" */;
			compatibilityVersion = "Xcode 9.3";
			developmentRegion = en;
			hasScannedForEncodings = 0;
			knownRegions = (
				en,
				Base,
			);
			mainGroup = CE25078B25B8521C00F9C526;
			packageReferences = (
				CEB09ADD25B994AF00BF7AD6 /* XCRemoteSwiftPackageReference "kanban" */,
			);
			productRefGroup = CE25079725B8660900F9C526 /* Products */;
			projectDirPath = "";
			projectRoot = "";
			targets = (
				CE25079525B8660900F9C526 /* iOS */,
			);
		};
/* End PBXProject section */

/* Begin PBXResourcesBuildPhase section */
		CE25079425B8660900F9C526 /* Resources */ = {
			isa = PBXResourcesBuildPhase;
			buildActionMask = 2147483647;
			files = (
				CEF2D7D825C0554700223C79 /* Media.xcassets in Resources */,
				CE25079E25B8660A00F9C526 /* Assets.xcassets in Resources */,
			);
			runOnlyForDeploymentPostprocessing = 0;
		};
/* End PBXResourcesBuildPhase section */

/* Begin PBXSourcesBuildPhase section */
		CE25079225B8660900F9C526 /* Sources */ = {
			isa = PBXSourcesBuildPhase;
			buildActionMask = 2147483647;
			files = (
				CE2507CC25B8733500F9C526 /* Session.swift in Sources */,
				CE2507DD25B877D600F9C526 /* Neumorphic.swift in Sources */,
				CE2507D625B8755E00F9C526 /* Control.swift in Sources */,
				CE2507E025B877FF00F9C526 /* UIApplication.swift in Sources */,
				CE25079C25B8660900F9C526 /* Window.swift in Sources */,
				CE2507D425B8755E00F9C526 /* Control.State.swift in Sources */,
				CE2507EB25B87D9800F9C526 /* Home.Field.swift in Sources */,
				CE2507D925B8771000F9C526 /* Home.swift in Sources */,
				CE2507D525B8755E00F9C526 /* Control.Circle.swift in Sources */,
				CE2507EE25B87DB300F9C526 /* Home.Coordinator.swift in Sources */,
				CE71D20825B98FF000D0F4E3 /* Board.swift in Sources */,
				CED3399725B9E050008BD131 /* Board.Card.swift in Sources */,
				CED3399125B9BA36008BD131 /* Board.Column.swift in Sources */,
				CE2507D325B8755E00F9C526 /* Control.Style.swift in Sources */,
				CE25079A25B8660900F9C526 /* App.swift in Sources */,
				CEF2D7DB25C058C300223C79 /* Home.Item.swift in Sources */,
				CE2507C825B8731100F9C526 /* Color.swift in Sources */,
			);
			runOnlyForDeploymentPostprocessing = 0;
		};
/* End PBXSourcesBuildPhase section */

/* Begin XCBuildConfiguration section */
		CE25079025B8521C00F9C526 /* Debug */ = {
			isa = XCBuildConfiguration;
			buildSettings = {
				CLANG_ENABLE_MODULES = YES;
				CURRENT_PROJECT_VERSION = 1;
				DEBUG_INFORMATION_FORMAT = dwarf;
				ENABLE_BITCODE = YES;
				GCC_OPTIMIZATION_LEVEL = 0;
				IPHONEOS_DEPLOYMENT_TARGET = 14.0;
				MARKETING_VERSION = "$(CURRENT_PROJECT_VERSION)";
				PRODUCT_NAME = Avocado;
				SWIFT_INSTALL_OBJC_HEADER = NO;
				SWIFT_OPTIMIZATION_LEVEL = "-Onone";
				SWIFT_VERSION = 5.0;
			};
			name = Debug;
		};
		CE25079125B8521C00F9C526 /* Release */ = {
			isa = XCBuildConfiguration;
			buildSettings = {
				CLANG_ENABLE_MODULES = YES;
				CURRENT_PROJECT_VERSION = 1;
				DEBUG_INFORMATION_FORMAT = "dwarf-with-dsym";
				ENABLE_BITCODE = YES;
				GCC_OPTIMIZATION_LEVEL = 3;
				IPHONEOS_DEPLOYMENT_TARGET = 14.0;
				MARKETING_VERSION = "$(CURRENT_PROJECT_VERSION)";
				PRODUCT_NAME = Avocado;
				SWIFT_COMPILATION_MODE = wholemodule;
				SWIFT_INSTALL_OBJC_HEADER = NO;
				SWIFT_VERSION = 5.0;
			};
			name = Release;
		};
		CE2507A425B8660A00F9C526 /* Debug */ = {
			isa = XCBuildConfiguration;
			buildSettings = {
				ALWAYS_SEARCH_USER_PATHS = NO;
				ASSETCATALOG_COMPILER_APPICON_NAME = AppIcon;
				ASSETCATALOG_COMPILER_GLOBAL_ACCENT_COLOR_NAME = AccentColor;
				CLANG_ANALYZER_NONNULL = YES;
				CLANG_ANALYZER_NUMBER_OBJECT_CONVERSION = YES_AGGRESSIVE;
				CLANG_CXX_LANGUAGE_STANDARD = "gnu++14";
				CLANG_CXX_LIBRARY = "libc++";
				CLANG_ENABLE_OBJC_ARC = YES;
				CLANG_ENABLE_OBJC_WEAK = YES;
				CLANG_WARN_BLOCK_CAPTURE_AUTORELEASING = YES;
				CLANG_WARN_BOOL_CONVERSION = YES;
				CLANG_WARN_COMMA = YES;
				CLANG_WARN_CONSTANT_CONVERSION = YES;
				CLANG_WARN_DEPRECATED_OBJC_IMPLEMENTATIONS = YES;
				CLANG_WARN_DIRECT_OBJC_ISA_USAGE = YES_ERROR;
				CLANG_WARN_DOCUMENTATION_COMMENTS = YES;
				CLANG_WARN_EMPTY_BODY = YES;
				CLANG_WARN_ENUM_CONVERSION = YES;
				CLANG_WARN_INFINITE_RECURSION = YES;
				CLANG_WARN_INT_CONVERSION = YES;
				CLANG_WARN_NON_LITERAL_NULL_CONVERSION = YES;
				CLANG_WARN_OBJC_IMPLICIT_RETAIN_SELF = YES;
				CLANG_WARN_OBJC_LITERAL_CONVERSION = YES;
				CLANG_WARN_OBJC_ROOT_CLASS = YES_ERROR;
				CLANG_WARN_QUOTED_INCLUDE_IN_FRAMEWORK_HEADER = YES;
				CLANG_WARN_RANGE_LOOP_ANALYSIS = YES;
				CLANG_WARN_STRICT_PROTOTYPES = YES;
				CLANG_WARN_SUSPICIOUS_MOVE = YES;
				CLANG_WARN_UNGUARDED_AVAILABILITY = YES_AGGRESSIVE;
				CLANG_WARN_UNREACHABLE_CODE = YES;
				CLANG_WARN__DUPLICATE_METHOD_MATCH = YES;
				CODE_SIGN_ENTITLEMENTS = iOS/Avocado.entitlements;
				CODE_SIGN_STYLE = Automatic;
				COPY_PHASE_STRIP = NO;
				DEVELOPMENT_TEAM = 7AMWG3RLHN;
				ENABLE_STRICT_OBJC_MSGSEND = YES;
				ENABLE_TESTABILITY = YES;
				GCC_C_LANGUAGE_STANDARD = gnu11;
				GCC_DYNAMIC_NO_PIC = NO;
				GCC_NO_COMMON_BLOCKS = YES;
				GCC_PREPROCESSOR_DEFINITIONS = (
					"DEBUG=1",
					"$(inherited)",
				);
				GCC_WARN_64_TO_32_BIT_CONVERSION = YES;
				GCC_WARN_ABOUT_RETURN_TYPE = YES_ERROR;
				GCC_WARN_UNDECLARED_SELECTOR = YES;
				GCC_WARN_UNINITIALIZED_AUTOS = YES_AGGRESSIVE;
				GCC_WARN_UNUSED_FUNCTION = YES;
				GCC_WARN_UNUSED_VARIABLE = YES;
				INFOPLIST_FILE = iOS/Info.plist;
				IPHONEOS_DEPLOYMENT_TARGET = 14.3;
				LD_RUNPATH_SEARCH_PATHS = (
					"$(inherited)",
					"@executable_path/Frameworks",
				);
				MTL_ENABLE_DEBUG_INFO = INCLUDE_SOURCE;
				MTL_FAST_MATH = YES;
				ONLY_ACTIVE_ARCH = YES;
				PRODUCT_BUNDLE_IDENTIFIER = avoca.do;
				SDKROOT = iphoneos;
				SWIFT_ACTIVE_COMPILATION_CONDITIONS = DEBUG;
				TARGETED_DEVICE_FAMILY = "1,2";
			};
			name = Debug;
		};
		CE2507A525B8660A00F9C526 /* Release */ = {
			isa = XCBuildConfiguration;
			buildSettings = {
				ALWAYS_SEARCH_USER_PATHS = NO;
				ASSETCATALOG_COMPILER_APPICON_NAME = AppIcon;
				ASSETCATALOG_COMPILER_GLOBAL_ACCENT_COLOR_NAME = AccentColor;
				CLANG_ANALYZER_NONNULL = YES;
				CLANG_ANALYZER_NUMBER_OBJECT_CONVERSION = YES_AGGRESSIVE;
				CLANG_CXX_LANGUAGE_STANDARD = "gnu++14";
				CLANG_CXX_LIBRARY = "libc++";
				CLANG_ENABLE_OBJC_ARC = YES;
				CLANG_ENABLE_OBJC_WEAK = YES;
				CLANG_WARN_BLOCK_CAPTURE_AUTORELEASING = YES;
				CLANG_WARN_BOOL_CONVERSION = YES;
				CLANG_WARN_COMMA = YES;
				CLANG_WARN_CONSTANT_CONVERSION = YES;
				CLANG_WARN_DEPRECATED_OBJC_IMPLEMENTATIONS = YES;
				CLANG_WARN_DIRECT_OBJC_ISA_USAGE = YES_ERROR;
				CLANG_WARN_DOCUMENTATION_COMMENTS = YES;
				CLANG_WARN_EMPTY_BODY = YES;
				CLANG_WARN_ENUM_CONVERSION = YES;
				CLANG_WARN_INFINITE_RECURSION = YES;
				CLANG_WARN_INT_CONVERSION = YES;
				CLANG_WARN_NON_LITERAL_NULL_CONVERSION = YES;
				CLANG_WARN_OBJC_IMPLICIT_RETAIN_SELF = YES;
				CLANG_WARN_OBJC_LITERAL_CONVERSION = YES;
				CLANG_WARN_OBJC_ROOT_CLASS = YES_ERROR;
				CLANG_WARN_QUOTED_INCLUDE_IN_FRAMEWORK_HEADER = YES;
				CLANG_WARN_RANGE_LOOP_ANALYSIS = YES;
				CLANG_WARN_STRICT_PROTOTYPES = YES;
				CLANG_WARN_SUSPICIOUS_MOVE = YES;
				CLANG_WARN_UNGUARDED_AVAILABILITY = YES_AGGRESSIVE;
				CLANG_WARN_UNREACHABLE_CODE = YES;
				CLANG_WARN__DUPLICATE_METHOD_MATCH = YES;
				CODE_SIGN_ENTITLEMENTS = iOS/Avocado.entitlements;
				CODE_SIGN_STYLE = Automatic;
				COPY_PHASE_STRIP = NO;
				DEVELOPMENT_TEAM = 7AMWG3RLHN;
				ENABLE_NS_ASSERTIONS = NO;
				ENABLE_STRICT_OBJC_MSGSEND = YES;
				GCC_C_LANGUAGE_STANDARD = gnu11;
				GCC_NO_COMMON_BLOCKS = YES;
				GCC_WARN_64_TO_32_BIT_CONVERSION = YES;
				GCC_WARN_ABOUT_RETURN_TYPE = YES_ERROR;
				GCC_WARN_UNDECLARED_SELECTOR = YES;
				GCC_WARN_UNINITIALIZED_AUTOS = YES_AGGRESSIVE;
				GCC_WARN_UNUSED_FUNCTION = YES;
				GCC_WARN_UNUSED_VARIABLE = YES;
				INFOPLIST_FILE = iOS/Info.plist;
				IPHONEOS_DEPLOYMENT_TARGET = 14.3;
				LD_RUNPATH_SEARCH_PATHS = (
					"$(inherited)",
					"@executable_path/Frameworks",
				);
				MTL_ENABLE_DEBUG_INFO = NO;
				MTL_FAST_MATH = YES;
				PRODUCT_BUNDLE_IDENTIFIER = avoca.do;
				SDKROOT = iphoneos;
				TARGETED_DEVICE_FAMILY = "1,2";
				VALIDATE_PRODUCT = YES;
			};
			name = Release;
		};
/* End XCBuildConfiguration section */

/* Begin XCConfigurationList section */
		CE25078F25B8521C00F9C526 /* Build configuration list for PBXProject "Avocado" */ = {
			isa = XCConfigurationList;
			buildConfigurations = (
				CE25079025B8521C00F9C526 /* Debug */,
				CE25079125B8521C00F9C526 /* Release */,
			);
			defaultConfigurationIsVisible = 0;
			defaultConfigurationName = Release;
		};
		CE2507A325B8660A00F9C526 /* Build configuration list for PBXNativeTarget "iOS" */ = {
			isa = XCConfigurationList;
			buildConfigurations = (
				CE2507A425B8660A00F9C526 /* Debug */,
				CE2507A525B8660A00F9C526 /* Release */,
			);
			defaultConfigurationIsVisible = 0;
			defaultConfigurationName = Release;
		};
/* End XCConfigurationList section */

/* Begin XCRemoteSwiftPackageReference section */
		CEB09ADD25B994AF00BF7AD6 /* XCRemoteSwiftPackageReference "kanban" */ = {
			isa = XCRemoteSwiftPackageReference;
			repositoryURL = "https://github.com/avoca-do/kanban.git";
			requirement = {
				branch = main;
				kind = branch;
			};
		};
/* End XCRemoteSwiftPackageReference section */

/* Begin XCSwiftPackageProductDependency section */
		CEB09ADE25B994AF00BF7AD6 /* Kanban */ = {
			isa = XCSwiftPackageProductDependency;
			package = CEB09ADD25B994AF00BF7AD6 /* XCRemoteSwiftPackageReference "kanban" */;
			productName = Kanban;
		};
/* End XCSwiftPackageProductDependency section */
	};
	rootObject = CE25078C25B8521C00F9C526 /* Project object */;
}
