{
  "object": {
    "pins": [
      {
        "package": "Kanban",
        "repositoryURL": "https://github.com/avoca-do/kanban.git",
        "state": {
          "branch": "main",
          "revision": "9ed1bdcce5ccf53e8ec839cc65915e4cd73b3e91",
          "version": null
        }
      }
    ]
  },
  "version": 1
}
