{
  "object": {
    "pins": [
      {
        "package": "Kanban",
        "repositoryURL": "https://github.com/avoca-do/kanban.git",
        "state": {
          "branch": "main",
          "revision": "067157c2956e2059aeccb0257492d2f925a7d162",
          "version": null
        }
      }
    ]
  },
  "version": 1
}
